// !$*UTF8*$!
{
	archiveVersion = 1;
	classes = {
	};
	objectVersion = 42;
	objects = {

/* Begin PBXAggregateTarget section */
		F8AC700F8AC700F8AC700000 /* ALL_BUILD */ = {
			isa = PBXAggregateTarget;
			buildConfigurationList = 16F30B016F30B016F30B0000 /* Build configuration list for PBXAggregateTarget "ALL_BUILD" */;
			buildPhases = (
				F8AC920F8AC920F8AC920000 /* CMake ReRun */,
				F8AD050F8AD050F8AD050000 /* CMake Rules */,
			);
			dependencies = (
				F859A10F859A10F859A10000 /* PBXTargetDependency */,
				F85A180F85A180F85A180000 /* PBXTargetDependency */,
			);
			name = ALL_BUILD;
			productName = ALL_BUILD;
		};
		F8B31E0F8B31E0F8B31E0000 /* install */ = {
			isa = PBXAggregateTarget;
			buildConfigurationList = F8B4430F8B4430F8B4430000 /* Build configuration list for PBXAggregateTarget "install" */;
			buildPhases = (
				F8B33B0F8B33B0F8B33B0000 /* CMake ReRun */,
				F8B3AD0F8B3AD0F8B3AD0000 /* CMake PostBuild Rules */,
			);
			dependencies = (
				F8FBEF0F8FBEF0F8FBEF0000 /* PBXTargetDependency */,
			);
			name = install;
			productName = install;
		};
		F8BA2C0F8BA2C0F8BA2C0000 /* uninstall */ = {
			isa = PBXAggregateTarget;
			buildConfigurationList = F8BB4F0F8BB4F0F8BB4F0000 /* Build configuration list for PBXAggregateTarget "uninstall" */;
			buildPhases = (
				F8BA4D0F8BA4D0F8BA4D0000 /* CMake ReRun */,
				F8BABF0F8BABF0F8BABF0000 /* CMake Rules */,
			);
			dependencies = (
			);
			name = uninstall;
			productName = uninstall;
		};
/* End PBXAggregateTarget section */

/* Begin PBXBuildFile section */
		F8C17C0F8C17C0F8C17C0000 /* laanimal.cpp in Sources */ = {isa = PBXBuildFile; fileRef = F8C0E00F8C0E00F8C0E00000 /* laanimal.cpp */; settings = {COMPILER_FLAGS = ""; }; };
		F8C22F0F8C22F0F8C22F0000 /* laanimalparameter.cpp in Sources */ = {isa = PBXBuildFile; fileRef = F8C1AA0F8C1AA0F8C1AA0000 /* laanimalparameter.cpp */; settings = {COMPILER_FLAGS = ""; }; };
		F8C2950F8C2950F8C2950000 /* laguid.cpp in Sources */ = {isa = PBXBuildFile; fileRef = F8C25B0F8C25B0F8C25B0000 /* laguid.cpp */; settings = {COMPILER_FLAGS = ""; }; };
		F8C3430F8C3430F8C3430000 /* lacrop.cpp in Sources */ = {isa = PBXBuildFile; fileRef = F8C3060F8C3060F8C3060000 /* lacrop.cpp */; settings = {COMPILER_FLAGS = ""; }; };
		F8C3F40F8C3F40F8C3F40000 /* lacropparameter.cpp in Sources */ = {isa = PBXBuildFile; fileRef = F8C3B40F8C3B40F8C3B40000 /* lacropparameter.cpp */; settings = {COMPILER_FLAGS = ""; }; };
		F8C4A30F8C4A30F8C4A30000 /* lafoodsource.cpp in Sources */ = {isa = PBXBuildFile; fileRef = F8C46A0F8C46A0F8C46A0000 /* lafoodsource.cpp */; settings = {COMPILER_FLAGS = ""; }; };
		F8C5520F8C5520F8C5520000 /* laserialisable.cpp in Sources */ = {isa = PBXBuildFile; fileRef = F8C5140F8C5140F8C5140000 /* laserialisable.cpp */; settings = {COMPILER_FLAGS = ""; }; };
		F8C6000F8C6000F8C6000000 /* lautils.cpp in Sources */ = {isa = PBXBuildFile; fileRef = F8C5C30F8C5C30F8C5C30000 /* lautils.cpp */; settings = {COMPILER_FLAGS = ""; }; };
		F8C6B00F8C6B00F8C6B00000 /* lamodel.cpp in Sources */ = {isa = PBXBuildFile; fileRef = F8C6710F8C6710F8C6710000 /* lamodel.cpp */; settings = {COMPILER_FLAGS = ""; }; };
		F8C75D0F8C75D0F8C75D0000 /* lagrass.cpp in Sources */ = {isa = PBXBuildFile; fileRef = F8C7230F8C7230F8C7230000 /* lagrass.cpp */; settings = {COMPILER_FLAGS = ""; }; };
		F8C8530F8C8530F8C8530000 /* lagrassprocesslib.cpp in Sources */ = {isa = PBXBuildFile; fileRef = F8C7CE0F8C7CE0F8C7CE0000 /* lagrassprocesslib.cpp */; settings = {COMPILER_FLAGS = ""; }; };
		F8C8BA0F8C8BA0F8C8BA0000 /* ladietlabels.cpp in Sources */ = {isa = PBXBuildFile; fileRef = F8C87F0F8C87F0F8C87F0000 /* ladietlabels.cpp */; settings = {COMPILER_FLAGS = ""; }; };
		F8C9AD0F8C9AD0F8C9AD0000 /* moc_lamodel.cxx in Sources */ = {isa = PBXBuildFile; fileRef = F8C92B0F8C92B0F8C92B0000 /* moc_lamodel.cxx */; settings = {COMPILER_FLAGS = ""; }; };
		F8CA590F8CA590F8CA590000 /* moc_lagrass.cxx in Sources */ = {isa = PBXBuildFile; fileRef = F8C9DB0F8C9DB0F8C9DB0000 /* moc_lagrass.cxx */; settings = {COMPILER_FLAGS = ""; }; };
		F8CAA30F8CAA30F8CAA30000 /* moc_lagrassprocesslib.cxx in Sources */ = {isa = PBXBuildFile; fileRef = F8CA870F8CA870F8CA870000 /* moc_lagrassprocesslib.cxx */; settings = {COMPILER_FLAGS = ""; }; };
		F8D9AD0F8D9AD0F8D9AD0000 /* main.cpp in Sources */ = {isa = PBXBuildFile; fileRef = F8D97C0F8D97C0F8D97C0000 /* main.cpp */; settings = {COMPILER_FLAGS = ""; }; };
		F8DA5C0F8DA5C0F8DA5C0000 /* lamainform.cpp in Sources */ = {isa = PBXBuildFile; fileRef = F8DA1E0F8DA1E0F8DA1E0000 /* lamainform.cpp */; settings = {COMPILER_FLAGS = ""; }; };
		F8DB0B0F8DB0B0F8DB0B0000 /* lacropmanager.cpp in Sources */ = {isa = PBXBuildFile; fileRef = F8DACD0F8DACD0F8DACD0000 /* lacropmanager.cpp */; settings = {COMPILER_FLAGS = ""; }; };
		F8DB9D0F8DB9D0F8DB9D0000 /* lacropparametermanager.cpp in Sources */ = {isa = PBXBuildFile; fileRef = F8DB7C0F8DB7C0F8DB7C0000 /* lacropparametermanager.cpp */; settings = {COMPILER_FLAGS = ""; }; };
		F8DC6D0F8DC6D0F8DC6D0000 /* laanimalmanager.cpp in Sources */ = {isa = PBXBuildFile; fileRef = F8DC2E0F8DC2E0F8DC2E0000 /* laanimalmanager.cpp */; settings = {COMPILER_FLAGS = ""; }; };
		F8DD010F8DD010F8DD010000 /* laanimalparametermanager.cpp in Sources */ = {isa = PBXBuildFile; fileRef = F8DCE40F8DCE40F8DCE40000 /* laanimalparametermanager.cpp */; settings = {COMPILER_FLAGS = ""; }; };
		F8DDB10F8DDB10F8DDB10000 /* laassemblageconversion.cpp in Sources */ = {isa = PBXBuildFile; fileRef = F8DD940F8DD940F8DD940000 /* laassemblageconversion.cpp */; settings = {COMPILER_FLAGS = ""; }; };
		F8DE7D0F8DE7D0F8DE7D0000 /* lagrassprocess.cpp in Sources */ = {isa = PBXBuildFile; fileRef = F8DE3E0F8DE3E0F8DE3E0000 /* lagrassprocess.cpp */; settings = {COMPILER_FLAGS = ""; }; };
		F8E3FA0F8E3FA0F8E3FA0000 /* moc_lamainform.cxx in Sources */ = {isa = PBXBuildFile; fileRef = F8E3D90F8E3D90F8E3D90000 /* moc_lamainform.cxx */; settings = {COMPILER_FLAGS = ""; }; };
		F8E4AD0F8E4AD0F8E4AD0000 /* moc_lacropmanager.cxx in Sources */ = {isa = PBXBuildFile; fileRef = F8E48F0F8E48F0F8E48F0000 /* moc_lacropmanager.cxx */; settings = {COMPILER_FLAGS = ""; }; };
		F8E57E0F8E57E0F8E57E0000 /* moc_lacropparametermanager.cxx in Sources */ = {isa = PBXBuildFile; fileRef = F8E5410F8E5410F8E5410000 /* moc_lacropparametermanager.cxx */; settings = {COMPILER_FLAGS = ""; }; };
		F8E6140F8E6140F8E6140000 /* moc_laanimalmanager.cxx in Sources */ = {isa = PBXBuildFile; fileRef = F8E5F70F8E5F70F8E5F70000 /* moc_laanimalmanager.cxx */; settings = {COMPILER_FLAGS = ""; }; };
		F8E6E60F8E6E60F8E6E60000 /* moc_laanimalparametermanager.cxx in Sources */ = {isa = PBXBuildFile; fileRef = F8E6AB0F8E6AB0F8E6AB0000 /* moc_laanimalparametermanager.cxx */; settings = {COMPILER_FLAGS = ""; }; };
		F8E79D0F8E79D0F8E79D0000 /* moc_laassemblageconversion.cxx in Sources */ = {isa = PBXBuildFile; fileRef = F8E7600F8E7600F8E7600000 /* moc_laassemblageconversion.cxx */; settings = {COMPILER_FLAGS = ""; }; };
		F8E8330F8E8330F8E8330000 /* moc_lagrassprocess.cxx in Sources */ = {isa = PBXBuildFile; fileRef = F8E8160F8E8160F8E8160000 /* moc_lagrassprocess.cxx */; settings = {COMPILER_FLAGS = ""; }; };
		F8E8E40F8E8E40F8E8E40000 /* qrc_resources.cxx in Sources */ = {isa = PBXBuildFile; fileRef = F8E8C30F8E8C30F8E8C30000 /* qrc_resources.cxx */; settings = {COMPILER_FLAGS = ""; }; };
/* End PBXBuildFile section */

/* Begin PBXContainerItemProxy section */
		F850240F850240F850240000 /* PBXContainerItemProxy */ = {
			isa = PBXContainerItemProxy;
			containerPortal = F8AA950F8AA950F8AA950000 /* Project object */;
			proxyType = 1;
			remoteGlobalIDString = F8CE420F8CE420F8CE420000;
			remoteInfo = la_core;
		};
		F859C90F859C90F859C90000 /* PBXContainerItemProxy */ = {
			isa = PBXContainerItemProxy;
			containerPortal = F8AA950F8AA950F8AA950000 /* Project object */;
			proxyType = 1;
			remoteGlobalIDString = F8F6DF0F8F6DF0F8F6DF0000;
			remoteInfo = landuseanalyst;
		};
		F85A480F85A480F85A480000 /* PBXContainerItemProxy */ = {
			isa = PBXContainerItemProxy;
			containerPortal = F8AA950F8AA950F8AA950000 /* Project object */;
			proxyType = 1;
			remoteGlobalIDString = F8AC700F8AC700F8AC700000;
			remoteInfo = ALL_BUILD;
		};
/* End PBXContainerItemProxy section */

/* Begin PBXFileReference section */
		F8B2030F8B2030F8B2030000 /* CMakeLists.txt */ = {isa = PBXFileReference; fileEncoding = 4; lastKnownFileType = text; name = CMakeLists.txt; path = /Users/arkygeek/devel/landuseanalyst/CMakeLists.txt; sourceTree = "<absolute>"; };
		F8C0E00F8C0E00F8C0E00000 /* laanimal.cpp */ = {isa = PBXFileReference; fileEncoding = 4; lastKnownFileType = sourcecode.cpp.cpp; name = laanimal.cpp; path = /Users/arkygeek/devel/landuseanalyst/src/lib/laanimal.cpp; sourceTree = "<absolute>"; };
		F8C1AA0F8C1AA0F8C1AA0000 /* laanimalparameter.cpp */ = {isa = PBXFileReference; fileEncoding = 4; lastKnownFileType = sourcecode.cpp.cpp; name = laanimalparameter.cpp; path = /Users/arkygeek/devel/landuseanalyst/src/lib/laanimalparameter.cpp; sourceTree = "<absolute>"; };
		F8C25B0F8C25B0F8C25B0000 /* laguid.cpp */ = {isa = PBXFileReference; fileEncoding = 4; lastKnownFileType = sourcecode.cpp.cpp; name = laguid.cpp; path = /Users/arkygeek/devel/landuseanalyst/src/lib/laguid.cpp; sourceTree = "<absolute>"; };
		F8C3060F8C3060F8C3060000 /* lacrop.cpp */ = {isa = PBXFileReference; fileEncoding = 4; lastKnownFileType = sourcecode.cpp.cpp; name = lacrop.cpp; path = /Users/arkygeek/devel/landuseanalyst/src/lib/lacrop.cpp; sourceTree = "<absolute>"; };
		F8C3B40F8C3B40F8C3B40000 /* lacropparameter.cpp */ = {isa = PBXFileReference; fileEncoding = 4; lastKnownFileType = sourcecode.cpp.cpp; name = lacropparameter.cpp; path = /Users/arkygeek/devel/landuseanalyst/src/lib/lacropparameter.cpp; sourceTree = "<absolute>"; };
		F8C46A0F8C46A0F8C46A0000 /* lafoodsource.cpp */ = {isa = PBXFileReference; fileEncoding = 4; lastKnownFileType = sourcecode.cpp.cpp; name = lafoodsource.cpp; path = /Users/arkygeek/devel/landuseanalyst/src/lib/lafoodsource.cpp; sourceTree = "<absolute>"; };
		F8C5140F8C5140F8C5140000 /* laserialisable.cpp */ = {isa = PBXFileReference; fileEncoding = 4; lastKnownFileType = sourcecode.cpp.cpp; name = laserialisable.cpp; path = /Users/arkygeek/devel/landuseanalyst/src/lib/laserialisable.cpp; sourceTree = "<absolute>"; };
		F8C5C30F8C5C30F8C5C30000 /* lautils.cpp */ = {isa = PBXFileReference; fileEncoding = 4; lastKnownFileType = sourcecode.cpp.cpp; name = lautils.cpp; path = /Users/arkygeek/devel/landuseanalyst/src/lib/lautils.cpp; sourceTree = "<absolute>"; };
		F8C6710F8C6710F8C6710000 /* lamodel.cpp */ = {isa = PBXFileReference; fileEncoding = 4; lastKnownFileType = sourcecode.cpp.cpp; name = lamodel.cpp; path = /Users/arkygeek/devel/landuseanalyst/src/lib/lamodel.cpp; sourceTree = "<absolute>"; };
		F8C7230F8C7230F8C7230000 /* lagrass.cpp */ = {isa = PBXFileReference; fileEncoding = 4; lastKnownFileType = sourcecode.cpp.cpp; name = lagrass.cpp; path = /Users/arkygeek/devel/landuseanalyst/src/lib/lagrass.cpp; sourceTree = "<absolute>"; };
		F8C7CE0F8C7CE0F8C7CE0000 /* lagrassprocesslib.cpp */ = {isa = PBXFileReference; fileEncoding = 4; lastKnownFileType = sourcecode.cpp.cpp; name = lagrassprocesslib.cpp; path = /Users/arkygeek/devel/landuseanalyst/src/lib/lagrassprocesslib.cpp; sourceTree = "<absolute>"; };
		F8C87F0F8C87F0F8C87F0000 /* ladietlabels.cpp */ = {isa = PBXFileReference; fileEncoding = 4; lastKnownFileType = sourcecode.cpp.cpp; name = ladietlabels.cpp; path = /Users/arkygeek/devel/landuseanalyst/src/lib/ladietlabels.cpp; sourceTree = "<absolute>"; };
		F8C92B0F8C92B0F8C92B0000 /* moc_lamodel.cxx */ = {isa = PBXFileReference; fileEncoding = 4; lastKnownFileType = sourcecode.cpp.cpp; name = moc_lamodel.cxx; path = /Users/arkygeek/devel/landuseanalyst/buildXCODE/src/lib/moc_lamodel.cxx; sourceTree = "<absolute>"; };
		F8C9DB0F8C9DB0F8C9DB0000 /* moc_lagrass.cxx */ = {isa = PBXFileReference; fileEncoding = 4; lastKnownFileType = sourcecode.cpp.cpp; name = moc_lagrass.cxx; path = /Users/arkygeek/devel/landuseanalyst/buildXCODE/src/lib/moc_lagrass.cxx; sourceTree = "<absolute>"; };
		F8CA870F8CA870F8CA870000 /* moc_lagrassprocesslib.cxx */ = {isa = PBXFileReference; fileEncoding = 4; lastKnownFileType = sourcecode.cpp.cpp; name = moc_lagrassprocesslib.cxx; path = /Users/arkygeek/devel/landuseanalyst/buildXCODE/src/lib/moc_lagrassprocesslib.cxx; sourceTree = "<absolute>"; };
		F8CB370F8CB370F8CB370000 /* CMakeLists.txt */ = {isa = PBXFileReference; fileEncoding = 4; lastKnownFileType = text; name = CMakeLists.txt; path = /Users/arkygeek/devel/landuseanalyst/src/lib/CMakeLists.txt; sourceTree = "<absolute>"; };
		F8CBE30F8CBE30F8CBE30000 /* moc_lamodel.cxx.rule */ = {isa = PBXFileReference; fileEncoding = 4; lastKnownFileType = sourcecode; name = moc_lamodel.cxx.rule; path = /Users/arkygeek/devel/landuseanalyst/buildXCODE/src/lib/moc_lamodel.cxx.rule; sourceTree = "<absolute>"; };
		F8CC920F8CC920F8CC920000 /* moc_lagrass.cxx.rule */ = {isa = PBXFileReference; fileEncoding = 4; lastKnownFileType = sourcecode; name = moc_lagrass.cxx.rule; path = /Users/arkygeek/devel/landuseanalyst/buildXCODE/src/lib/moc_lagrass.cxx.rule; sourceTree = "<absolute>"; };
		F8CD450F8CD450F8CD450000 /* moc_lagrassprocesslib.cxx.rule */ = {isa = PBXFileReference; fileEncoding = 4; lastKnownFileType = sourcecode; name = moc_lagrassprocesslib.cxx.rule; path = /Users/arkygeek/devel/landuseanalyst/buildXCODE/src/lib/moc_lagrassprocesslib.cxx.rule; sourceTree = "<absolute>"; };
		F8D81A0F8D81A0F8D81A0000 /* libla_core.dylib */ = {isa = PBXFileReference; explicitFileType = "compiled.mach-o.dylib"; path = libla_core.dylib; sourceTree = BUILT_PRODUCTS_DIR; };
		F8D97C0F8D97C0F8D97C0000 /* main.cpp */ = {isa = PBXFileReference; fileEncoding = 4; lastKnownFileType = sourcecode.cpp.cpp; name = main.cpp; path = /Users/arkygeek/devel/landuseanalyst/src/gui/main.cpp; sourceTree = "<absolute>"; };
		F8DA1E0F8DA1E0F8DA1E0000 /* lamainform.cpp */ = {isa = PBXFileReference; fileEncoding = 4; lastKnownFileType = sourcecode.cpp.cpp; name = lamainform.cpp; path = /Users/arkygeek/devel/landuseanalyst/src/gui/lamainform.cpp; sourceTree = "<absolute>"; };
		F8DACD0F8DACD0F8DACD0000 /* lacropmanager.cpp */ = {isa = PBXFileReference; fileEncoding = 4; lastKnownFileType = sourcecode.cpp.cpp; name = lacropmanager.cpp; path = /Users/arkygeek/devel/landuseanalyst/src/gui/lacropmanager.cpp; sourceTree = "<absolute>"; };
		F8DB7C0F8DB7C0F8DB7C0000 /* lacropparametermanager.cpp */ = {isa = PBXFileReference; fileEncoding = 4; lastKnownFileType = sourcecode.cpp.cpp; name = lacropparametermanager.cpp; path = /Users/arkygeek/devel/landuseanalyst/src/gui/lacropparametermanager.cpp; sourceTree = "<absolute>"; };
		F8DC2E0F8DC2E0F8DC2E0000 /* laanimalmanager.cpp */ = {isa = PBXFileReference; fileEncoding = 4; lastKnownFileType = sourcecode.cpp.cpp; name = laanimalmanager.cpp; path = /Users/arkygeek/devel/landuseanalyst/src/gui/laanimalmanager.cpp; sourceTree = "<absolute>"; };
		F8DCE40F8DCE40F8DCE40000 /* laanimalparametermanager.cpp */ = {isa = PBXFileReference; fileEncoding = 4; lastKnownFileType = sourcecode.cpp.cpp; name = laanimalparametermanager.cpp; path = /Users/arkygeek/devel/landuseanalyst/src/gui/laanimalparametermanager.cpp; sourceTree = "<absolute>"; };
		F8DD940F8DD940F8DD940000 /* laassemblageconversion.cpp */ = {isa = PBXFileReference; fileEncoding = 4; lastKnownFileType = sourcecode.cpp.cpp; name = laassemblageconversion.cpp; path = /Users/arkygeek/devel/landuseanalyst/src/gui/laassemblageconversion.cpp; sourceTree = "<absolute>"; };
		F8DE3E0F8DE3E0F8DE3E0000 /* lagrassprocess.cpp */ = {isa = PBXFileReference; fileEncoding = 4; lastKnownFileType = sourcecode.cpp.cpp; name = lagrassprocess.cpp; path = /Users/arkygeek/devel/landuseanalyst/src/gui/lagrassprocess.cpp; sourceTree = "<absolute>"; };
		F8DEEE0F8DEEE0F8DEEE0000 /* ui_lamainformbase.h */ = {isa = PBXFileReference; fileEncoding = 4; lastKnownFileType = sourcecode.cpp.h; name = ui_lamainformbase.h; path = /Users/arkygeek/devel/landuseanalyst/buildXCODE/src/gui/ui_lamainformbase.h; sourceTree = "<absolute>"; };
		F8DFA30F8DFA30F8DFA30000 /* ui_lacropmanagerbase.h */ = {isa = PBXFileReference; fileEncoding = 4; lastKnownFileType = sourcecode.cpp.h; name = ui_lacropmanagerbase.h; path = /Users/arkygeek/devel/landuseanalyst/buildXCODE/src/gui/ui_lacropmanagerbase.h; sourceTree = "<absolute>"; };
		F8E0530F8E0530F8E0530000 /* ui_lacropparametermanagerbase.h */ = {isa = PBXFileReference; fileEncoding = 4; lastKnownFileType = sourcecode.cpp.h; name = ui_lacropparametermanagerbase.h; path = /Users/arkygeek/devel/landuseanalyst/buildXCODE/src/gui/ui_lacropparametermanagerbase.h; sourceTree = "<absolute>"; };
		F8E1090F8E1090F8E1090000 /* ui_laanimalmanagerbase.h */ = {isa = PBXFileReference; fileEncoding = 4; lastKnownFileType = sourcecode.cpp.h; name = ui_laanimalmanagerbase.h; path = /Users/arkygeek/devel/landuseanalyst/buildXCODE/src/gui/ui_laanimalmanagerbase.h; sourceTree = "<absolute>"; };
		F8E1BD0F8E1BD0F8E1BD0000 /* ui_laanimalparametermanagerbase.h */ = {isa = PBXFileReference; fileEncoding = 4; lastKnownFileType = sourcecode.cpp.h; name = ui_laanimalparametermanagerbase.h; path = /Users/arkygeek/devel/landuseanalyst/buildXCODE/src/gui/ui_laanimalparametermanagerbase.h; sourceTree = "<absolute>"; };
		F8E2750F8E2750F8E2750000 /* ui_laassemblageconversionbase.h */ = {isa = PBXFileReference; fileEncoding = 4; lastKnownFileType = sourcecode.cpp.h; name = ui_laassemblageconversionbase.h; path = /Users/arkygeek/devel/landuseanalyst/buildXCODE/src/gui/ui_laassemblageconversionbase.h; sourceTree = "<absolute>"; };
		F8E32C0F8E32C0F8E32C0000 /* ui_lagrassprocessbase.h */ = {isa = PBXFileReference; fileEncoding = 4; lastKnownFileType = sourcecode.cpp.h; name = ui_lagrassprocessbase.h; path = /Users/arkygeek/devel/landuseanalyst/buildXCODE/src/gui/ui_lagrassprocessbase.h; sourceTree = "<absolute>"; };
		F8E3D90F8E3D90F8E3D90000 /* moc_lamainform.cxx */ = {isa = PBXFileReference; fileEncoding = 4; lastKnownFileType = sourcecode.cpp.cpp; name = moc_lamainform.cxx; path = /Users/arkygeek/devel/landuseanalyst/buildXCODE/src/gui/moc_lamainform.cxx; sourceTree = "<absolute>"; };
		F8E48F0F8E48F0F8E48F0000 /* moc_lacropmanager.cxx */ = {isa = PBXFileReference; fileEncoding = 4; lastKnownFileType = sourcecode.cpp.cpp; name = moc_lacropmanager.cxx; path = /Users/arkygeek/devel/landuseanalyst/buildXCODE/src/gui/moc_lacropmanager.cxx; sourceTree = "<absolute>"; };
		F8E5410F8E5410F8E5410000 /* moc_lacropparametermanager.cxx */ = {isa = PBXFileReference; fileEncoding = 4; lastKnownFileType = sourcecode.cpp.cpp; name = moc_lacropparametermanager.cxx; path = /Users/arkygeek/devel/landuseanalyst/buildXCODE/src/gui/moc_lacropparametermanager.cxx; sourceTree = "<absolute>"; };
		F8E5F70F8E5F70F8E5F70000 /* moc_laanimalmanager.cxx */ = {isa = PBXFileReference; fileEncoding = 4; lastKnownFileType = sourcecode.cpp.cpp; name = moc_laanimalmanager.cxx; path = /Users/arkygeek/devel/landuseanalyst/buildXCODE/src/gui/moc_laanimalmanager.cxx; sourceTree = "<absolute>"; };
		F8E6AB0F8E6AB0F8E6AB0000 /* moc_laanimalparametermanager.cxx */ = {isa = PBXFileReference; fileEncoding = 4; lastKnownFileType = sourcecode.cpp.cpp; name = moc_laanimalparametermanager.cxx; path = /Users/arkygeek/devel/landuseanalyst/buildXCODE/src/gui/moc_laanimalparametermanager.cxx; sourceTree = "<absolute>"; };
		F8E7600F8E7600F8E7600000 /* moc_laassemblageconversion.cxx */ = {isa = PBXFileReference; fileEncoding = 4; lastKnownFileType = sourcecode.cpp.cpp; name = moc_laassemblageconversion.cxx; path = /Users/arkygeek/devel/landuseanalyst/buildXCODE/src/gui/moc_laassemblageconversion.cxx; sourceTree = "<absolute>"; };
		F8E8160F8E8160F8E8160000 /* moc_lagrassprocess.cxx */ = {isa = PBXFileReference; fileEncoding = 4; lastKnownFileType = sourcecode.cpp.cpp; name = moc_lagrassprocess.cxx; path = /Users/arkygeek/devel/landuseanalyst/buildXCODE/src/gui/moc_lagrassprocess.cxx; sourceTree = "<absolute>"; };
		F8E8C30F8E8C30F8E8C30000 /* qrc_resources.cxx */ = {isa = PBXFileReference; fileEncoding = 4; lastKnownFileType = sourcecode.cpp.cpp; name = qrc_resources.cxx; path = /Users/arkygeek/devel/landuseanalyst/buildXCODE/src/gui/qrc_resources.cxx; sourceTree = "<absolute>"; };
		F8E9760F8E9760F8E9760000 /* CMakeLists.txt */ = {isa = PBXFileReference; fileEncoding = 4; lastKnownFileType = text; name = CMakeLists.txt; path = /Users/arkygeek/devel/landuseanalyst/src/gui/CMakeLists.txt; sourceTree = "<absolute>"; };
		F8EA220F8EA220F8EA220000 /* lamainformbase.ui */ = {isa = PBXFileReference; fileEncoding = 4; lastKnownFileType = sourcecode; name = lamainformbase.ui; path = /Users/arkygeek/devel/landuseanalyst/src/ui/lamainformbase.ui; sourceTree = "<absolute>"; };
		F8EAD20F8EAD20F8EAD20000 /* lacropmanagerbase.ui */ = {isa = PBXFileReference; fileEncoding = 4; lastKnownFileType = sourcecode; name = lacropmanagerbase.ui; path = /Users/arkygeek/devel/landuseanalyst/src/ui/lacropmanagerbase.ui; sourceTree = "<absolute>"; };
		F8EB840F8EB840F8EB840000 /* lacropparametermanagerbase.ui */ = {isa = PBXFileReference; fileEncoding = 4; lastKnownFileType = sourcecode; name = lacropparametermanagerbase.ui; path = /Users/arkygeek/devel/landuseanalyst/src/ui/lacropparametermanagerbase.ui; sourceTree = "<absolute>"; };
		F8EC2E0F8EC2E0F8EC2E0000 /* laanimalmanagerbase.ui */ = {isa = PBXFileReference; fileEncoding = 4; lastKnownFileType = sourcecode; name = laanimalmanagerbase.ui; path = /Users/arkygeek/devel/landuseanalyst/src/ui/laanimalmanagerbase.ui; sourceTree = "<absolute>"; };
		F8ECE20F8ECE20F8ECE20000 /* laanimalparametermanagerbase.ui */ = {isa = PBXFileReference; fileEncoding = 4; lastKnownFileType = sourcecode; name = laanimalparametermanagerbase.ui; path = /Users/arkygeek/devel/landuseanalyst/src/ui/laanimalparametermanagerbase.ui; sourceTree = "<absolute>"; };
		F8ED930F8ED930F8ED930000 /* laassemblageconversionbase.ui */ = {isa = PBXFileReference; fileEncoding = 4; lastKnownFileType = sourcecode; name = laassemblageconversionbase.ui; path = /Users/arkygeek/devel/landuseanalyst/src/ui/laassemblageconversionbase.ui; sourceTree = "<absolute>"; };
		F8EE400F8EE400F8EE400000 /* lagrassprocessbase.ui */ = {isa = PBXFileReference; fileEncoding = 4; lastKnownFileType = sourcecode; name = lagrassprocessbase.ui; path = /Users/arkygeek/devel/landuseanalyst/src/ui/lagrassprocessbase.ui; sourceTree = "<absolute>"; };
		F8EEEC0F8EEEC0F8EEEC0000 /* moc_lamainform.cxx.rule */ = {isa = PBXFileReference; fileEncoding = 4; lastKnownFileType = sourcecode; name = moc_lamainform.cxx.rule; path = /Users/arkygeek/devel/landuseanalyst/buildXCODE/src/gui/moc_lamainform.cxx.rule; sourceTree = "<absolute>"; };
		F8EF9A0F8EF9A0F8EF9A0000 /* moc_lacropmanager.cxx.rule */ = {isa = PBXFileReference; fileEncoding = 4; lastKnownFileType = sourcecode; name = moc_lacropmanager.cxx.rule; path = /Users/arkygeek/devel/landuseanalyst/buildXCODE/src/gui/moc_lacropmanager.cxx.rule; sourceTree = "<absolute>"; };
		F8F04C0F8F04C0F8F04C0000 /* moc_lacropparametermanager.cxx.rule */ = {isa = PBXFileReference; fileEncoding = 4; lastKnownFileType = sourcecode; name = moc_lacropparametermanager.cxx.rule; path = /Users/arkygeek/devel/landuseanalyst/buildXCODE/src/gui/moc_lacropparametermanager.cxx.rule; sourceTree = "<absolute>"; };
		F8F1040F8F1040F8F1040000 /* moc_laanimalmanager.cxx.rule */ = {isa = PBXFileReference; fileEncoding = 4; lastKnownFileType = sourcecode; name = moc_laanimalmanager.cxx.rule; path = /Users/arkygeek/devel/landuseanalyst/buildXCODE/src/gui/moc_laanimalmanager.cxx.rule; sourceTree = "<absolute>"; };
		F8F1C00F8F1C00F8F1C00000 /* moc_laanimalparametermanager.cxx.rule */ = {isa = PBXFileReference; fileEncoding = 4; lastKnownFileType = sourcecode; name = moc_laanimalparametermanager.cxx.rule; path = /Users/arkygeek/devel/landuseanalyst/buildXCODE/src/gui/moc_laanimalparametermanager.cxx.rule; sourceTree = "<absolute>"; };
		F8F2730F8F2730F8F2730000 /* moc_laassemblageconversion.cxx.rule */ = {isa = PBXFileReference; fileEncoding = 4; lastKnownFileType = sourcecode; name = moc_laassemblageconversion.cxx.rule; path = /Users/arkygeek/devel/landuseanalyst/buildXCODE/src/gui/moc_laassemblageconversion.cxx.rule; sourceTree = "<absolute>"; };
		F8F32F0F8F32F0F8F32F0000 /* moc_lagrassprocess.cxx.rule */ = {isa = PBXFileReference; fileEncoding = 4; lastKnownFileType = sourcecode; name = moc_lagrassprocess.cxx.rule; path = /Users/arkygeek/devel/landuseanalyst/buildXCODE/src/gui/moc_lagrassprocess.cxx.rule; sourceTree = "<absolute>"; };
		F8F3DA0F8F3DA0F8F3DA0000 /* resources.qrc */ = {isa = PBXFileReference; fileEncoding = 4; lastKnownFileType = sourcecode; name = resources.qrc; path = /Users/arkygeek/devel/landuseanalyst/src/resources/resources.qrc; sourceTree = "<absolute>"; };
		F8F48E0F8F48E0F8F48E0000 /* Info.plist */ = {isa = PBXFileReference; fileEncoding = 4; lastKnownFileType = text.plist.xml; name = Info.plist; path = /Users/arkygeek/devel/landuseanalyst/buildXCODE/src/gui/CMakeFiles/landuseanalyst.dir/Info.plist; sourceTree = "<absolute>"; };
		F904430F904430F904430000 /* landuseanalyst.app */ = {isa = PBXFileReference; explicitFileType = wrapper.application; path = landuseanalyst.app; sourceTree = BUILT_PRODUCTS_DIR; };
/* End PBXFileReference section */

/* Begin PBXGroup section */
		16ECD3016ECD3016ECD30000 /* CMake Rules */ = {
			isa = PBXGroup;
			children = (
				F8EEEC0F8EEEC0F8EEEC0000 /* moc_lamainform.cxx.rule */,
				F8EF9A0F8EF9A0F8EF9A0000 /* moc_lacropmanager.cxx.rule */,
				F8F04C0F8F04C0F8F04C0000 /* moc_lacropparametermanager.cxx.rule */,
				F8F1040F8F1040F8F1040000 /* moc_laanimalmanager.cxx.rule */,
				F8F1C00F8F1C00F8F1C00000 /* moc_laanimalparametermanager.cxx.rule */,
				F8F2730F8F2730F8F2730000 /* moc_laassemblageconversion.cxx.rule */,
				F8F32F0F8F32F0F8F32F0000 /* moc_lagrassprocess.cxx.rule */,
			);
			name = "CMake Rules";
			sourceTree = "<group>";
		};
		16F39E016F39E016F39E0000 /* Source Files */ = {
			isa = PBXGroup;
			children = (
				F8D97C0F8D97C0F8D97C0000 /* main.cpp */,
				F8DA1E0F8DA1E0F8DA1E0000 /* lamainform.cpp */,
				F8DACD0F8DACD0F8DACD0000 /* lacropmanager.cpp */,
				F8DB7C0F8DB7C0F8DB7C0000 /* lacropparametermanager.cpp */,
				F8DC2E0F8DC2E0F8DC2E0000 /* laanimalmanager.cpp */,
				F8DCE40F8DCE40F8DCE40000 /* laanimalparametermanager.cpp */,
				F8DD940F8DD940F8DD940000 /* laassemblageconversion.cpp */,
				F8DE3E0F8DE3E0F8DE3E0000 /* lagrassprocess.cpp */,
				F8E3D90F8E3D90F8E3D90000 /* moc_lamainform.cxx */,
				F8E48F0F8E48F0F8E48F0000 /* moc_lacropmanager.cxx */,
				F8E5410F8E5410F8E5410000 /* moc_lacropparametermanager.cxx */,
				F8E5F70F8E5F70F8E5F70000 /* moc_laanimalmanager.cxx */,
				F8E6AB0F8E6AB0F8E6AB0000 /* moc_laanimalparametermanager.cxx */,
				F8E7600F8E7600F8E7600000 /* moc_laassemblageconversion.cxx */,
				F8E8160F8E8160F8E8160000 /* moc_lagrassprocess.cxx */,
				F8E8C30F8E8C30F8E8C30000 /* qrc_resources.cxx */,
			);
			name = "Source Files";
			sourceTree = "<group>";
		};
		16F513016F513016F5130000 /* Header Files */ = {
			isa = PBXGroup;
			children = (
				F8DEEE0F8DEEE0F8DEEE0000 /* ui_lamainformbase.h */,
				F8DFA30F8DFA30F8DFA30000 /* ui_lacropmanagerbase.h */,
				F8E0530F8E0530F8E0530000 /* ui_lacropparametermanagerbase.h */,
				F8E1090F8E1090F8E1090000 /* ui_laanimalmanagerbase.h */,
				F8E1BD0F8E1BD0F8E1BD0000 /* ui_laanimalparametermanagerbase.h */,
				F8E2750F8E2750F8E2750000 /* ui_laassemblageconversionbase.h */,
				F8E32C0F8E32C0F8E32C0000 /* ui_lagrassprocessbase.h */,
			);
			name = "Header Files";
			sourceTree = "<group>";
		};
		16F7A7016F7A7016F7A70000 = {
			isa = PBXGroup;
			children = (
				16F8BB016F8BB016F8BB0000 /* Sources */,
				16F8DA016F8DA016F8DA0000 /* Resources */,
				16FA65016FA65016FA650000 /* Products */,
			);
			sourceTree = "<group>";
		};
		16F8BB016F8BB016F8BB0000 /* Sources */ = {
			isa = PBXGroup;
			children = (
				16F9AE016F9AE016F9AE0000 /* ALL_BUILD */,
				16FA48016FA48016FA480000 /* uninstall */,
				16FB52016FB52016FB520000 /* la_core */,
				16FB3B016FB3B016FB3B0000 /* landuseanalyst */,
			);
			name = Sources;
			sourceTree = "<group>";
		};
		16F8DA016F8DA016F8DA0000 /* Resources */ = {
			isa = PBXGroup;
			children = (
			);
			name = Resources;
			sourceTree = "<group>";
		};
		16F9AE016F9AE016F9AE0000 /* ALL_BUILD */ = {
			isa = PBXGroup;
			children = (
				16F9B5016F9B5016F9B50000 /* CMake Rules */,
				F8B2030F8B2030F8B2030000 /* CMakeLists.txt */,
			);
			name = ALL_BUILD;
			sourceTree = "<group>";
		};
		16F9B5016F9B5016F9B50000 /* CMake Rules */ = {
			isa = PBXGroup;
			children = (
			);
			name = "CMake Rules";
			sourceTree = "<group>";
		};
		16FA48016FA48016FA480000 /* uninstall */ = {
			isa = PBXGroup;
			children = (
				16FAED016FAED016FAED0000 /* CMake Rules */,
				F8B2030F8B2030F8B2030000 /* CMakeLists.txt */,
			);
			name = uninstall;
			sourceTree = "<group>";
		};
		16FA65016FA65016FA650000 /* Products */ = {
			isa = PBXGroup;
			children = (
				F8D81A0F8D81A0F8D81A0000 /* libla_core.dylib */,
				F904430F904430F904430000 /* landuseanalyst.app */,
			);
			name = Products;
			sourceTree = "<group>";
		};
		16FAED016FAED016FAED0000 /* CMake Rules */ = {
			isa = PBXGroup;
			children = (
			);
			name = "CMake Rules";
			sourceTree = "<group>";
		};
		16FB3B016FB3B016FB3B0000 /* landuseanalyst */ = {
			isa = PBXGroup;
			children = (
				16F39E016F39E016F39E0000 /* Source Files */,
				16F513016F513016F5130000 /* Header Files */,
				16ECD3016ECD3016ECD30000 /* CMake Rules */,
				F8AA1C0F8AA1C0F8AA1C0000 /* Resources */,
				F8E9760F8E9760F8E9760000 /* CMakeLists.txt */,
				F8EA220F8EA220F8EA220000 /* lamainformbase.ui */,
				F8EAD20F8EAD20F8EAD20000 /* lacropmanagerbase.ui */,
				F8EB840F8EB840F8EB840000 /* lacropparametermanagerbase.ui */,
				F8EC2E0F8EC2E0F8EC2E0000 /* laanimalmanagerbase.ui */,
				F8ECE20F8ECE20F8ECE20000 /* laanimalparametermanagerbase.ui */,
				F8ED930F8ED930F8ED930000 /* laassemblageconversionbase.ui */,
				F8EE400F8EE400F8EE400000 /* lagrassprocessbase.ui */,
				F8F3DA0F8F3DA0F8F3DA0000 /* resources.qrc */,
			);
			name = landuseanalyst;
			sourceTree = "<group>";
		};
		16FB52016FB52016FB520000 /* la_core */ = {
			isa = PBXGroup;
			children = (
				16FB92016FB92016FB920000 /* Source Files */,
				F8A8540F8A8540F8A8540000 /* CMake Rules */,
				F8CB370F8CB370F8CB370000 /* CMakeLists.txt */,
			);
			name = la_core;
			sourceTree = "<group>";
		};
		16FB92016FB92016FB920000 /* Source Files */ = {
			isa = PBXGroup;
			children = (
				F8C0E00F8C0E00F8C0E00000 /* laanimal.cpp */,
				F8C1AA0F8C1AA0F8C1AA0000 /* laanimalparameter.cpp */,
				F8C25B0F8C25B0F8C25B0000 /* laguid.cpp */,
				F8C3060F8C3060F8C3060000 /* lacrop.cpp */,
				F8C3B40F8C3B40F8C3B40000 /* lacropparameter.cpp */,
				F8C46A0F8C46A0F8C46A0000 /* lafoodsource.cpp */,
				F8C5140F8C5140F8C5140000 /* laserialisable.cpp */,
				F8C5C30F8C5C30F8C5C30000 /* lautils.cpp */,
				F8C6710F8C6710F8C6710000 /* lamodel.cpp */,
				F8C7230F8C7230F8C7230000 /* lagrass.cpp */,
				F8C7CE0F8C7CE0F8C7CE0000 /* lagrassprocesslib.cpp */,
				F8C87F0F8C87F0F8C87F0000 /* ladietlabels.cpp */,
				F8C92B0F8C92B0F8C92B0000 /* moc_lamodel.cxx */,
				F8C9DB0F8C9DB0F8C9DB0000 /* moc_lagrass.cxx */,
				F8CA870F8CA870F8CA870000 /* moc_lagrassprocesslib.cxx */,
			);
			name = "Source Files";
			sourceTree = "<group>";
		};
		F8A8540F8A8540F8A8540000 /* CMake Rules */ = {
			isa = PBXGroup;
			children = (
				F8CBE30F8CBE30F8CBE30000 /* moc_lamodel.cxx.rule */,
				F8CC920F8CC920F8CC920000 /* moc_lagrass.cxx.rule */,
				F8CD450F8CD450F8CD450000 /* moc_lagrassprocesslib.cxx.rule */,
			);
			name = "CMake Rules";
			sourceTree = "<group>";
		};
		F8AA1C0F8AA1C0F8AA1C0000 /* Resources */ = {
			isa = PBXGroup;
			children = (
				F8F48E0F8F48E0F8F48E0000 /* Info.plist */,
			);
			name = Resources;
			sourceTree = "<group>";
		};
/* End PBXGroup section */

/* Begin PBXNativeTarget section */
		F8CE420F8CE420F8CE420000 /* libla_core.dylib */ = {
			isa = PBXNativeTarget;
			buildConfigurationList = F8CFDA0F8CFDA0F8CFDA0000 /* Build configuration list for PBXNativeTarget "libla_core.dylib" */;
			buildPhases = (
				F8CE6E0F8CE6E0F8CE6E0000 /* CMake ReRun */,
				F8CED00F8CED00F8CED00000 /* CMake Rules */,
				F8CDFB0F8CDFB0F8CDFB0000 /* Sources */,
				F8CF400F8CF400F8CF400000 /* CMake PostBuild Rules */,
			);
			buildRules = (
			);
			dependencies = (
			);
			name = libla_core.dylib;
			productName = libla_core.dylib;
			productReference = F8D81A0F8D81A0F8D81A0000 /* libla_core.dylib */;
			productType = "com.apple.product-type.library.dynamic";
		};
		F8F6DF0F8F6DF0F8F6DF0000 /* landuseanalyst */ = {
			isa = PBXNativeTarget;
			buildConfigurationList = F8F5A40F8F5A40F8F5A40000 /* Build configuration list for PBXNativeTarget "landuseanalyst" */;
			buildPhases = (
				F8F5C20F8F5C20F8F5C20000 /* CMake ReRun */,
				F8F6300F8F6300F8F6300000 /* CMake Rules */,
				F8F5390F8F5390F8F5390000 /* Sources */,
				16F065016F065016F0650000 /* CMake PostBuild Rules */,
			);
			buildRules = (
			);
			dependencies = (
				F859A10F859A10F859A10000 /* PBXTargetDependency */,
			);
			name = landuseanalyst;
			productName = landuseanalyst;
			productReference = F904430F904430F904430000 /* landuseanalyst.app */;
			productType = "com.apple.product-type.application";
		};
/* End PBXNativeTarget section */

/* Begin PBXProject section */
		F8AA950F8AA950F8AA950000 /* Project object */ = {
			isa = PBXProject;
			buildConfigurationList = F8AAEC0F8AAEC0F8AAEC0000 /* Build configuration list for PBXProject "landuseanalyst" */;
			compatibilityVersion = "Xcode 2.4";
			hasScannedForEncodings = 0;
			mainGroup = 16F7A7016F7A7016F7A70000;
			projectDirPath = "";
			projectRoot = /Users/arkygeek/devel/landuseanalyst;
			targets = (
				F8AC700F8AC700F8AC700000 /* ALL_BUILD */,
				F8B31E0F8B31E0F8B31E0000 /* install */,
				F8BA2C0F8BA2C0F8BA2C0000 /* uninstall */,
				F8CE420F8CE420F8CE420000 /* libla_core.dylib */,
				F8F6DF0F8F6DF0F8F6DF0000 /* landuseanalyst */,
			);
		};
/* End PBXProject section */

/* Begin PBXShellScriptBuildPhase section */
		16F065016F065016F0650000 /* CMake PostBuild Rules */ = {
			isa = PBXShellScriptBuildPhase;
			buildActionMask = 2147483647;
			files = (
			);
			name = "CMake PostBuild Rules";
			runOnlyForDeploymentPostprocessing = 0;
			shellPath = /bin/sh;
			shellScript = "make -C /Users/arkygeek/devel/landuseanalyst/buildXCODE/src/gui -f /Users/arkygeek/devel/landuseanalyst/buildXCODE/src/gui/CMakeScripts/landuseanalyst_postBuildPhase.make$CONFIGURATION all";
		};
		F8AC920F8AC920F8AC920000 /* CMake ReRun */ = {
			isa = PBXShellScriptBuildPhase;
			buildActionMask = 2147483647;
			files = (
			);
			name = "CMake ReRun";
			runOnlyForDeploymentPostprocessing = 0;
			shellPath = /bin/sh;
			shellScript = "make -C /Users/arkygeek/devel/landuseanalyst/buildXCODE -f /Users/arkygeek/devel/landuseanalyst/buildXCODE/CMakeScripts/ReRunCMake.make";
		};
		F8AD050F8AD050F8AD050000 /* CMake Rules */ = {
			isa = PBXShellScriptBuildPhase;
			buildActionMask = 2147483647;
			files = (
			);
			name = "CMake Rules";
			runOnlyForDeploymentPostprocessing = 0;
			shellPath = /bin/sh;
			shellScript = "make -C /Users/arkygeek/devel/landuseanalyst/buildXCODE -f /Users/arkygeek/devel/landuseanalyst/buildXCODE/CMakeScripts/ALL_BUILD_cmakeRulesBuildPhase.make$CONFIGURATION all";
		};
		F8B33B0F8B33B0F8B33B0000 /* CMake ReRun */ = {
			isa = PBXShellScriptBuildPhase;
			buildActionMask = 2147483647;
			files = (
			);
			name = "CMake ReRun";
			runOnlyForDeploymentPostprocessing = 0;
			shellPath = /bin/sh;
			shellScript = "make -C /Users/arkygeek/devel/landuseanalyst/buildXCODE -f /Users/arkygeek/devel/landuseanalyst/buildXCODE/CMakeScripts/ReRunCMake.make";
		};
		F8B3AD0F8B3AD0F8B3AD0000 /* CMake PostBuild Rules */ = {
			isa = PBXShellScriptBuildPhase;
			buildActionMask = 2147483647;
			files = (
			);
			name = "CMake PostBuild Rules";
			runOnlyForDeploymentPostprocessing = 0;
			shellPath = /bin/sh;
			shellScript = "make -C /Users/arkygeek/devel/landuseanalyst/buildXCODE -f /Users/arkygeek/devel/landuseanalyst/buildXCODE/CMakeScripts/install_postBuildPhase.make$CONFIGURATION all";
		};
		F8BA4D0F8BA4D0F8BA4D0000 /* CMake ReRun */ = {
			isa = PBXShellScriptBuildPhase;
			buildActionMask = 2147483647;
			files = (
			);
			name = "CMake ReRun";
			runOnlyForDeploymentPostprocessing = 0;
			shellPath = /bin/sh;
			shellScript = "make -C /Users/arkygeek/devel/landuseanalyst/buildXCODE -f /Users/arkygeek/devel/landuseanalyst/buildXCODE/CMakeScripts/ReRunCMake.make";
		};
		F8BABF0F8BABF0F8BABF0000 /* CMake Rules */ = {
			isa = PBXShellScriptBuildPhase;
			buildActionMask = 2147483647;
			files = (
			);
			name = "CMake Rules";
			runOnlyForDeploymentPostprocessing = 0;
			shellPath = /bin/sh;
			shellScript = "make -C /Users/arkygeek/devel/landuseanalyst/buildXCODE -f /Users/arkygeek/devel/landuseanalyst/buildXCODE/CMakeScripts/uninstall_cmakeRulesBuildPhase.make$CONFIGURATION all";
		};
		F8CE6E0F8CE6E0F8CE6E0000 /* CMake ReRun */ = {
			isa = PBXShellScriptBuildPhase;
			buildActionMask = 2147483647;
			files = (
			);
			name = "CMake ReRun";
			runOnlyForDeploymentPostprocessing = 0;
			shellPath = /bin/sh;
			shellScript = "make -C /Users/arkygeek/devel/landuseanalyst/buildXCODE -f /Users/arkygeek/devel/landuseanalyst/buildXCODE/CMakeScripts/ReRunCMake.make";
		};
		F8CED00F8CED00F8CED00000 /* CMake Rules */ = {
			isa = PBXShellScriptBuildPhase;
			buildActionMask = 2147483647;
			files = (
			);
			name = "CMake Rules";
			runOnlyForDeploymentPostprocessing = 0;
			shellPath = /bin/sh;
			shellScript = "make -C /Users/arkygeek/devel/landuseanalyst/buildXCODE/src/lib -f /Users/arkygeek/devel/landuseanalyst/buildXCODE/src/lib/CMakeScripts/la_core_cmakeRulesBuildPhase.make$CONFIGURATION all";
		};
		F8CF400F8CF400F8CF400000 /* CMake PostBuild Rules */ = {
			isa = PBXShellScriptBuildPhase;
			buildActionMask = 2147483647;
			files = (
			);
			name = "CMake PostBuild Rules";
			runOnlyForDeploymentPostprocessing = 0;
			shellPath = /bin/sh;
			shellScript = "make -C /Users/arkygeek/devel/landuseanalyst/buildXCODE/src/lib -f /Users/arkygeek/devel/landuseanalyst/buildXCODE/src/lib/CMakeScripts/la_core_postBuildPhase.make$CONFIGURATION all";
		};
		F8F5C20F8F5C20F8F5C20000 /* CMake ReRun */ = {
			isa = PBXShellScriptBuildPhase;
			buildActionMask = 2147483647;
			files = (
			);
			name = "CMake ReRun";
			runOnlyForDeploymentPostprocessing = 0;
			shellPath = /bin/sh;
			shellScript = "make -C /Users/arkygeek/devel/landuseanalyst/buildXCODE -f /Users/arkygeek/devel/landuseanalyst/buildXCODE/CMakeScripts/ReRunCMake.make";
		};
		F8F6300F8F6300F8F6300000 /* CMake Rules */ = {
			isa = PBXShellScriptBuildPhase;
			buildActionMask = 2147483647;
			files = (
			);
			name = "CMake Rules";
			runOnlyForDeploymentPostprocessing = 0;
			shellPath = /bin/sh;
			shellScript = "make -C /Users/arkygeek/devel/landuseanalyst/buildXCODE/src/gui -f /Users/arkygeek/devel/landuseanalyst/buildXCODE/src/gui/CMakeScripts/landuseanalyst_cmakeRulesBuildPhase.make$CONFIGURATION all";
		};
/* End PBXShellScriptBuildPhase section */

/* Begin PBXSourcesBuildPhase section */
		F8CDFB0F8CDFB0F8CDFB0000 /* Sources */ = {
			isa = PBXSourcesBuildPhase;
			buildActionMask = 2147483647;
			files = (
				F8C17C0F8C17C0F8C17C0000 /* laanimal.cpp in Sources */,
				F8C22F0F8C22F0F8C22F0000 /* laanimalparameter.cpp in Sources */,
				F8C2950F8C2950F8C2950000 /* laguid.cpp in Sources */,
				F8C3430F8C3430F8C3430000 /* lacrop.cpp in Sources */,
				F8C3F40F8C3F40F8C3F40000 /* lacropparameter.cpp in Sources */,
				F8C4A30F8C4A30F8C4A30000 /* lafoodsource.cpp in Sources */,
				F8C5520F8C5520F8C5520000 /* laserialisable.cpp in Sources */,
				F8C6000F8C6000F8C6000000 /* lautils.cpp in Sources */,
				F8C6B00F8C6B00F8C6B00000 /* lamodel.cpp in Sources */,
				F8C75D0F8C75D0F8C75D0000 /* lagrass.cpp in Sources */,
				F8C8530F8C8530F8C8530000 /* lagrassprocesslib.cpp in Sources */,
				F8C8BA0F8C8BA0F8C8BA0000 /* ladietlabels.cpp in Sources */,
				F8C9AD0F8C9AD0F8C9AD0000 /* moc_lamodel.cxx in Sources */,
				F8CA590F8CA590F8CA590000 /* moc_lagrass.cxx in Sources */,
				F8CAA30F8CAA30F8CAA30000 /* moc_lagrassprocesslib.cxx in Sources */,
			);
			runOnlyForDeploymentPostprocessing = 0;
		};
		F8F5390F8F5390F8F5390000 /* Sources */ = {
			isa = PBXSourcesBuildPhase;
			buildActionMask = 2147483647;
			files = (
				F8D9AD0F8D9AD0F8D9AD0000 /* main.cpp in Sources */,
				F8DA5C0F8DA5C0F8DA5C0000 /* lamainform.cpp in Sources */,
				F8DB0B0F8DB0B0F8DB0B0000 /* lacropmanager.cpp in Sources */,
				F8DB9D0F8DB9D0F8DB9D0000 /* lacropparametermanager.cpp in Sources */,
				F8DC6D0F8DC6D0F8DC6D0000 /* laanimalmanager.cpp in Sources */,
				F8DD010F8DD010F8DD010000 /* laanimalparametermanager.cpp in Sources */,
				F8DDB10F8DDB10F8DDB10000 /* laassemblageconversion.cpp in Sources */,
				F8DE7D0F8DE7D0F8DE7D0000 /* lagrassprocess.cpp in Sources */,
				F8E3FA0F8E3FA0F8E3FA0000 /* moc_lamainform.cxx in Sources */,
				F8E4AD0F8E4AD0F8E4AD0000 /* moc_lacropmanager.cxx in Sources */,
				F8E57E0F8E57E0F8E57E0000 /* moc_lacropparametermanager.cxx in Sources */,
				F8E6140F8E6140F8E6140000 /* moc_laanimalmanager.cxx in Sources */,
				F8E6E60F8E6E60F8E6E60000 /* moc_laanimalparametermanager.cxx in Sources */,
				F8E79D0F8E79D0F8E79D0000 /* moc_laassemblageconversion.cxx in Sources */,
				F8E8330F8E8330F8E8330000 /* moc_lagrassprocess.cxx in Sources */,
				F8E8E40F8E8E40F8E8E40000 /* qrc_resources.cxx in Sources */,
			);
			runOnlyForDeploymentPostprocessing = 0;
		};
/* End PBXSourcesBuildPhase section */

/* Begin PBXTargetDependency section */
		F859A10F859A10F859A10000 /* PBXTargetDependency */ = {
			isa = PBXTargetDependency;
			target = F8CE420F8CE420F8CE420000 /* libla_core.dylib */;
			targetProxy = F850240F850240F850240000 /* PBXContainerItemProxy */;
		};
		F85A180F85A180F85A180000 /* PBXTargetDependency */ = {
			isa = PBXTargetDependency;
			target = F8F6DF0F8F6DF0F8F6DF0000 /* landuseanalyst */;
			targetProxy = F859C90F859C90F859C90000 /* PBXContainerItemProxy */;
		};
		F8FBEF0F8FBEF0F8FBEF0000 /* PBXTargetDependency */ = {
			isa = PBXTargetDependency;
			target = F8AC700F8AC700F8AC700000 /* ALL_BUILD */;
			targetProxy = F85A480F85A480F85A480000 /* PBXContainerItemProxy */;
		};
/* End PBXTargetDependency section */

/* Begin XCBuildConfiguration section */
		16F5E5016F5E5016F5E50000 /* Debug */ = {
			isa = XCBuildConfiguration;
			buildSettings = {
				GCC_GENERATE_DEBUGGING_SYMBOLS = NO;
				GCC_INLINES_ARE_PRIVATE_EXTERN = NO;
				GCC_OPTIMIZATION_LEVEL = 0;
				GCC_PREPROCESSOR_DEFINITIONS = "'CMAKE_INTDIR=\"$(CONFIGURATION)\"'";
				GCC_SYMBOLS_PRIVATE_EXTERN = NO;
				INSTALL_PATH = "";
				OTHER_CFLAGS = (
					"-Wall",
					"-Werror",
				);
				OTHER_LDFLAGS = "";
				OTHER_REZFLAGS = "";
				PREBINDING = NO;
				PRODUCT_NAME = ALL_BUILD;
				SECTORDER_FLAGS = "";
				USE_HEADERMAP = NO;
				WARNING_CFLAGS = (
					"-Wmost",
					"-Wno-four-char-constants",
					"-Wno-unknown-pragmas",
				);
			};
			name = Debug;
		};
		F850C60F850C60F850C60000 /* Release */ = {
			isa = XCBuildConfiguration;
			buildSettings = {
				EXECUTABLE_PREFIX = "";
				EXECUTABLE_SUFFIX = "";
				FRAMEWORK_SEARCH_PATHS = /Library/Frameworks;
				GCC_GENERATE_DEBUGGING_SYMBOLS = NO;
				GCC_INLINES_ARE_PRIVATE_EXTERN = NO;
				GCC_OPTIMIZATION_LEVEL = 3;
				GCC_PREPROCESSOR_DEFINITIONS = (
					"$(GCC_PREPROCESSOR_DEFINITIONS_QUOTED_FOR_TARGET_1)",
					"$(GCC_PREPROCESSOR_DEFINITIONS_QUOTED_FOR_TARGET_2)",
					"$(GCC_PREPROCESSOR_DEFINITIONS_QUOTED_FOR_TARGET_3)",
					"$(GCC_PREPROCESSOR_DEFINITIONS_QUOTED_FOR_TARGET_4)",
					"$(GCC_PREPROCESSOR_DEFINITIONS_QUOTED_FOR_TARGET_5)",
					"$(GCC_PREPROCESSOR_DEFINITIONS_QUOTED_FOR_TARGET_6)",
				);
				GCC_PREPROCESSOR_DEFINITIONS_QUOTED_FOR_TARGET_1 = "'CMAKE_INTDIR=\"$(CONFIGURATION)\"'";
				GCC_PREPROCESSOR_DEFINITIONS_QUOTED_FOR_TARGET_2 = "'QT_DLL'";
				GCC_PREPROCESSOR_DEFINITIONS_QUOTED_FOR_TARGET_3 = "'QT_GUI_LIB'";
				GCC_PREPROCESSOR_DEFINITIONS_QUOTED_FOR_TARGET_4 = "'QT_XML_LIB'";
				GCC_PREPROCESSOR_DEFINITIONS_QUOTED_FOR_TARGET_5 = "'QT_CORE_LIB'";
				GCC_PREPROCESSOR_DEFINITIONS_QUOTED_FOR_TARGET_6 = "'QT_NO_DEBUG'";
				GCC_SYMBOLS_PRIVATE_EXTERN = NO;
				HEADER_SEARCH_PATHS = (
					/Users/arkygeek/devel/landuseanalyst/src/gui/optimized,
					/Users/arkygeek/devel/landuseanalyst/src/gui/debug,
					/Library/Frameworks/QtGui.framework/Headers,
					/Library/Frameworks/QtXml.framework/Headers,
					/Library/Frameworks/QtCore.framework/Headers,
					/Users/arkygeek/devel/landuseanalyst/buildXCODE/src/gui,
					/Users/arkygeek/devel/landuseanalyst/src/gui,
					/Users/arkygeek/devel/landuseanalyst/src/gui/../lib,
				);
				INFOPLIST_FILE = /Users/arkygeek/devel/landuseanalyst/buildXCODE/src/gui/CMakeFiles/landuseanalyst.dir/Info.plist;
				INSTALL_PATH = "";
				LIBRARY_SEARCH_PATHS = "";
				OTHER_CFLAGS = (
					"-DNDEBUG",
					"-Wall",
					"-Werror",
				);
				OTHER_CPLUSPLUSFLAGS = (
					"-DNDEBUG",
					"-Wall",
					"-Werror",
				);
				OTHER_LDFLAGS = (
					"-Wl,-search_paths_first",
					"-headerpad_max_install_names",
					"-framework",
					QtGui,
					"-framework",
					Carbon,
					"-framework",
					AppKit,
					"-framework",
					QtXml,
					"-framework",
					QtCore,
					/usr/lib/libz.dylib,
					"-framework",
					ApplicationServices,
					/Users/arkygeek/devel/landuseanalyst/buildXCODE/src/lib/Release/libla_core.dylib,
					"-framework",
					QtGui,
					"-framework",
					Carbon,
					"-framework",
					AppKit,
					"-framework",
					QtXml,
					"-framework",
					QtCore,
					/usr/lib/libz.dylib,
					"-framework",
					ApplicationServices,
				);
				OTHER_REZFLAGS = "";
				PREBINDING = NO;
				PRODUCT_NAME = landuseanalyst;
				SECTORDER_FLAGS = "";
				SYMROOT = /Users/arkygeek/devel/landuseanalyst/buildXCODE/src/gui;
				USE_HEADERMAP = NO;
				WARNING_CFLAGS = (
					"-Wmost",
					"-Wno-four-char-constants",
					"-Wno-unknown-pragmas",
				);
			};
			name = Release;
		};
		F850D40F850D40F850D40000 /* MinSizeRel */ = {
			isa = XCBuildConfiguration;
			buildSettings = {
				EXECUTABLE_PREFIX = "";
				EXECUTABLE_SUFFIX = "";
				FRAMEWORK_SEARCH_PATHS = /Library/Frameworks;
				GCC_GENERATE_DEBUGGING_SYMBOLS = NO;
				GCC_INLINES_ARE_PRIVATE_EXTERN = NO;
				GCC_OPTIMIZATION_LEVEL = s;
				GCC_PREPROCESSOR_DEFINITIONS = (
					"$(GCC_PREPROCESSOR_DEFINITIONS_QUOTED_FOR_TARGET_1)",
					"$(GCC_PREPROCESSOR_DEFINITIONS_QUOTED_FOR_TARGET_2)",
					"$(GCC_PREPROCESSOR_DEFINITIONS_QUOTED_FOR_TARGET_3)",
					"$(GCC_PREPROCESSOR_DEFINITIONS_QUOTED_FOR_TARGET_4)",
					"$(GCC_PREPROCESSOR_DEFINITIONS_QUOTED_FOR_TARGET_5)",
					"$(GCC_PREPROCESSOR_DEFINITIONS_QUOTED_FOR_TARGET_6)",
				);
				GCC_PREPROCESSOR_DEFINITIONS_QUOTED_FOR_TARGET_1 = "'CMAKE_INTDIR=\"$(CONFIGURATION)\"'";
				GCC_PREPROCESSOR_DEFINITIONS_QUOTED_FOR_TARGET_2 = "'QT_DLL'";
				GCC_PREPROCESSOR_DEFINITIONS_QUOTED_FOR_TARGET_3 = "'QT_GUI_LIB'";
				GCC_PREPROCESSOR_DEFINITIONS_QUOTED_FOR_TARGET_4 = "'QT_XML_LIB'";
				GCC_PREPROCESSOR_DEFINITIONS_QUOTED_FOR_TARGET_5 = "'QT_CORE_LIB'";
				GCC_PREPROCESSOR_DEFINITIONS_QUOTED_FOR_TARGET_6 = "'QT_NO_DEBUG'";
				GCC_SYMBOLS_PRIVATE_EXTERN = NO;
				HEADER_SEARCH_PATHS = (
					/Users/arkygeek/devel/landuseanalyst/src/gui/optimized,
					/Users/arkygeek/devel/landuseanalyst/src/gui/debug,
					/Library/Frameworks/QtGui.framework/Headers,
					/Library/Frameworks/QtXml.framework/Headers,
					/Library/Frameworks/QtCore.framework/Headers,
					/Users/arkygeek/devel/landuseanalyst/buildXCODE/src/gui,
					/Users/arkygeek/devel/landuseanalyst/src/gui,
					/Users/arkygeek/devel/landuseanalyst/src/gui/../lib,
				);
				INFOPLIST_FILE = /Users/arkygeek/devel/landuseanalyst/buildXCODE/src/gui/CMakeFiles/landuseanalyst.dir/Info.plist;
				INSTALL_PATH = "";
				LIBRARY_SEARCH_PATHS = "";
				OTHER_CFLAGS = (
					"-DNDEBUG",
					"-Wall",
					"-Werror",
				);
				OTHER_CPLUSPLUSFLAGS = (
					"-DNDEBUG",
					"-Wall",
					"-Werror",
				);
				OTHER_LDFLAGS = (
					"-Wl,-search_paths_first",
					"-headerpad_max_install_names",
					"-framework",
					QtGui,
					"-framework",
					Carbon,
					"-framework",
					AppKit,
					"-framework",
					QtXml,
					"-framework",
					QtCore,
					/usr/lib/libz.dylib,
					"-framework",
					ApplicationServices,
					/Users/arkygeek/devel/landuseanalyst/buildXCODE/src/lib/MinSizeRel/libla_core.dylib,
					"-framework",
					QtGui,
					"-framework",
					Carbon,
					"-framework",
					AppKit,
					"-framework",
					QtXml,
					"-framework",
					QtCore,
					/usr/lib/libz.dylib,
					"-framework",
					ApplicationServices,
				);
				OTHER_REZFLAGS = "";
				PREBINDING = NO;
				PRODUCT_NAME = landuseanalyst;
				SECTORDER_FLAGS = "";
				SYMROOT = /Users/arkygeek/devel/landuseanalyst/buildXCODE/src/gui;
				USE_HEADERMAP = NO;
				WARNING_CFLAGS = (
					"-Wmost",
					"-Wno-four-char-constants",
					"-Wno-unknown-pragmas",
				);
			};
			name = MinSizeRel;
		};
		F8AB010F8AB010F8AB010000 /* Debug */ = {
			isa = XCBuildConfiguration;
			buildSettings = {
				ARCHS = (
					ppc,
					i386,
				);
				SDKROOT = /Developer/SDKs/MacOSX10.5.sdk;
			};
			name = Debug;
		};
		F8AB1C0F8AB1C0F8AB1C0000 /* Release */ = {
			isa = XCBuildConfiguration;
			buildSettings = {
				ARCHS = (
					ppc,
					i386,
				);
				SDKROOT = /Developer/SDKs/MacOSX10.5.sdk;
			};
			name = Release;
		};
		F8AB3B0F8AB3B0F8AB3B0000 /* MinSizeRel */ = {
			isa = XCBuildConfiguration;
			buildSettings = {
				ARCHS = (
					ppc,
					i386,
				);
				SDKROOT = /Developer/SDKs/MacOSX10.5.sdk;
			};
			name = MinSizeRel;
		};
		F8AB5A0F8AB5A0F8AB5A0000 /* RelWithDebInfo */ = {
			isa = XCBuildConfiguration;
			buildSettings = {
				ARCHS = (
					ppc,
					i386,
				);
				SDKROOT = /Developer/SDKs/MacOSX10.5.sdk;
			};
			name = RelWithDebInfo;
		};
		F8ADD50F8ADD50F8ADD50000 /* Release */ = {
			isa = XCBuildConfiguration;
			buildSettings = {
				GCC_GENERATE_DEBUGGING_SYMBOLS = NO;
				GCC_INLINES_ARE_PRIVATE_EXTERN = NO;
				GCC_OPTIMIZATION_LEVEL = 0;
				GCC_PREPROCESSOR_DEFINITIONS = "'CMAKE_INTDIR=\"$(CONFIGURATION)\"'";
				GCC_SYMBOLS_PRIVATE_EXTERN = NO;
				INSTALL_PATH = "";
				OTHER_CFLAGS = (
					"-Wall",
					"-Werror",
				);
				OTHER_LDFLAGS = "";
				OTHER_REZFLAGS = "";
				PREBINDING = NO;
				PRODUCT_NAME = ALL_BUILD;
				SECTORDER_FLAGS = "";
				USE_HEADERMAP = NO;
				WARNING_CFLAGS = (
					"-Wmost",
					"-Wno-four-char-constants",
					"-Wno-unknown-pragmas",
				);
			};
			name = Release;
		};
		F8AEE30F8AEE30F8AEE30000 /* MinSizeRel */ = {
			isa = XCBuildConfiguration;
			buildSettings = {
				GCC_GENERATE_DEBUGGING_SYMBOLS = NO;
				GCC_INLINES_ARE_PRIVATE_EXTERN = NO;
				GCC_OPTIMIZATION_LEVEL = 0;
				GCC_PREPROCESSOR_DEFINITIONS = "'CMAKE_INTDIR=\"$(CONFIGURATION)\"'";
				GCC_SYMBOLS_PRIVATE_EXTERN = NO;
				INSTALL_PATH = "";
				OTHER_CFLAGS = (
					"-Wall",
					"-Werror",
				);
				OTHER_LDFLAGS = "";
				OTHER_REZFLAGS = "";
				PREBINDING = NO;
				PRODUCT_NAME = ALL_BUILD;
				SECTORDER_FLAGS = "";
				USE_HEADERMAP = NO;
				WARNING_CFLAGS = (
					"-Wmost",
					"-Wno-four-char-constants",
					"-Wno-unknown-pragmas",
				);
			};
			name = MinSizeRel;
		};
		F8AFDF0F8AFDF0F8AFDF0000 /* RelWithDebInfo */ = {
			isa = XCBuildConfiguration;
			buildSettings = {
				GCC_GENERATE_DEBUGGING_SYMBOLS = NO;
				GCC_INLINES_ARE_PRIVATE_EXTERN = NO;
				GCC_OPTIMIZATION_LEVEL = 0;
				GCC_PREPROCESSOR_DEFINITIONS = "'CMAKE_INTDIR=\"$(CONFIGURATION)\"'";
				GCC_SYMBOLS_PRIVATE_EXTERN = NO;
				INSTALL_PATH = "";
				OTHER_CFLAGS = (
					"-Wall",
					"-Werror",
				);
				OTHER_LDFLAGS = "";
				OTHER_REZFLAGS = "";
				PREBINDING = NO;
				PRODUCT_NAME = ALL_BUILD;
				SECTORDER_FLAGS = "";
				USE_HEADERMAP = NO;
				WARNING_CFLAGS = (
					"-Wmost",
					"-Wno-four-char-constants",
					"-Wno-unknown-pragmas",
				);
			};
			name = RelWithDebInfo;
		};
		F8B4790F8B4790F8B4790000 /* Debug */ = {
			isa = XCBuildConfiguration;
			buildSettings = {
				GCC_GENERATE_DEBUGGING_SYMBOLS = NO;
				GCC_INLINES_ARE_PRIVATE_EXTERN = NO;
				GCC_OPTIMIZATION_LEVEL = 0;
				GCC_PREPROCESSOR_DEFINITIONS = "'CMAKE_INTDIR=\"$(CONFIGURATION)\"'";
				GCC_SYMBOLS_PRIVATE_EXTERN = NO;
				INSTALL_PATH = "";
				OTHER_CFLAGS = (
					"-Wall",
					"-Werror",
				);
				OTHER_LDFLAGS = "";
				OTHER_REZFLAGS = "";
				PREBINDING = NO;
				PRODUCT_NAME = install;
				SECTORDER_FLAGS = "";
				USE_HEADERMAP = NO;
				WARNING_CFLAGS = (
					"-Wmost",
					"-Wno-four-char-constants",
					"-Wno-unknown-pragmas",
				);
			};
			name = Debug;
		};
		F8B5920F8B5920F8B5920000 /* Release */ = {
			isa = XCBuildConfiguration;
			buildSettings = {
				GCC_GENERATE_DEBUGGING_SYMBOLS = NO;
				GCC_INLINES_ARE_PRIVATE_EXTERN = NO;
				GCC_OPTIMIZATION_LEVEL = 0;
				GCC_PREPROCESSOR_DEFINITIONS = "'CMAKE_INTDIR=\"$(CONFIGURATION)\"'";
				GCC_SYMBOLS_PRIVATE_EXTERN = NO;
				INSTALL_PATH = "";
				OTHER_CFLAGS = (
					"-Wall",
					"-Werror",
				);
				OTHER_LDFLAGS = "";
				OTHER_REZFLAGS = "";
				PREBINDING = NO;
				PRODUCT_NAME = install;
				SECTORDER_FLAGS = "";
				USE_HEADERMAP = NO;
				WARNING_CFLAGS = (
					"-Wmost",
					"-Wno-four-char-constants",
					"-Wno-unknown-pragmas",
				);
			};
			name = Release;
		};
		F8B68E0F8B68E0F8B68E0000 /* MinSizeRel */ = {
			isa = XCBuildConfiguration;
			buildSettings = {
				GCC_GENERATE_DEBUGGING_SYMBOLS = NO;
				GCC_INLINES_ARE_PRIVATE_EXTERN = NO;
				GCC_OPTIMIZATION_LEVEL = 0;
				GCC_PREPROCESSOR_DEFINITIONS = "'CMAKE_INTDIR=\"$(CONFIGURATION)\"'";
				GCC_SYMBOLS_PRIVATE_EXTERN = NO;
				INSTALL_PATH = "";
				OTHER_CFLAGS = (
					"-Wall",
					"-Werror",
				);
				OTHER_LDFLAGS = "";
				OTHER_REZFLAGS = "";
				PREBINDING = NO;
				PRODUCT_NAME = install;
				SECTORDER_FLAGS = "";
				USE_HEADERMAP = NO;
				WARNING_CFLAGS = (
					"-Wmost",
					"-Wno-four-char-constants",
					"-Wno-unknown-pragmas",
				);
			};
			name = MinSizeRel;
		};
		F8B7A10F8B7A10F8B7A10000 /* RelWithDebInfo */ = {
			isa = XCBuildConfiguration;
			buildSettings = {
				GCC_GENERATE_DEBUGGING_SYMBOLS = NO;
				GCC_INLINES_ARE_PRIVATE_EXTERN = NO;
				GCC_OPTIMIZATION_LEVEL = 0;
				GCC_PREPROCESSOR_DEFINITIONS = "'CMAKE_INTDIR=\"$(CONFIGURATION)\"'";
				GCC_SYMBOLS_PRIVATE_EXTERN = NO;
				INSTALL_PATH = "";
				OTHER_CFLAGS = (
					"-Wall",
					"-Werror",
				);
				OTHER_LDFLAGS = "";
				OTHER_REZFLAGS = "";
				PREBINDING = NO;
				PRODUCT_NAME = install;
				SECTORDER_FLAGS = "";
				USE_HEADERMAP = NO;
				WARNING_CFLAGS = (
					"-Wmost",
					"-Wno-four-char-constants",
					"-Wno-unknown-pragmas",
				);
			};
			name = RelWithDebInfo;
		};
		F8BB810F8BB810F8BB810000 /* Debug */ = {
			isa = XCBuildConfiguration;
			buildSettings = {
				GCC_GENERATE_DEBUGGING_SYMBOLS = NO;
				GCC_INLINES_ARE_PRIVATE_EXTERN = NO;
				GCC_OPTIMIZATION_LEVEL = 0;
				GCC_PREPROCESSOR_DEFINITIONS = "'CMAKE_INTDIR=\"$(CONFIGURATION)\"'";
				GCC_SYMBOLS_PRIVATE_EXTERN = NO;
				INSTALL_PATH = "";
				OTHER_CFLAGS = (
					"-Wall",
					"-Werror",
				);
				OTHER_LDFLAGS = "";
				OTHER_REZFLAGS = "";
				PREBINDING = NO;
				PRODUCT_NAME = uninstall;
				SECTORDER_FLAGS = "";
				USE_HEADERMAP = NO;
				WARNING_CFLAGS = (
					"-Wmost",
					"-Wno-four-char-constants",
					"-Wno-unknown-pragmas",
				);
			};
			name = Debug;
		};
		F8BC9D0F8BC9D0F8BC9D0000 /* Release */ = {
			isa = XCBuildConfiguration;
			buildSettings = {
				GCC_GENERATE_DEBUGGING_SYMBOLS = NO;
				GCC_INLINES_ARE_PRIVATE_EXTERN = NO;
				GCC_OPTIMIZATION_LEVEL = 0;
				GCC_PREPROCESSOR_DEFINITIONS = "'CMAKE_INTDIR=\"$(CONFIGURATION)\"'";
				GCC_SYMBOLS_PRIVATE_EXTERN = NO;
				INSTALL_PATH = "";
				OTHER_CFLAGS = (
					"-Wall",
					"-Werror",
				);
				OTHER_LDFLAGS = "";
				OTHER_REZFLAGS = "";
				PREBINDING = NO;
				PRODUCT_NAME = uninstall;
				SECTORDER_FLAGS = "";
				USE_HEADERMAP = NO;
				WARNING_CFLAGS = (
					"-Wmost",
					"-Wno-four-char-constants",
					"-Wno-unknown-pragmas",
				);
			};
			name = Release;
		};
		F8BD990F8BD990F8BD990000 /* MinSizeRel */ = {
			isa = XCBuildConfiguration;
			buildSettings = {
				GCC_GENERATE_DEBUGGING_SYMBOLS = NO;
				GCC_INLINES_ARE_PRIVATE_EXTERN = NO;
				GCC_OPTIMIZATION_LEVEL = 0;
				GCC_PREPROCESSOR_DEFINITIONS = "'CMAKE_INTDIR=\"$(CONFIGURATION)\"'";
				GCC_SYMBOLS_PRIVATE_EXTERN = NO;
				INSTALL_PATH = "";
				OTHER_CFLAGS = (
					"-Wall",
					"-Werror",
				);
				OTHER_LDFLAGS = "";
				OTHER_REZFLAGS = "";
				PREBINDING = NO;
				PRODUCT_NAME = uninstall;
				SECTORDER_FLAGS = "";
				USE_HEADERMAP = NO;
				WARNING_CFLAGS = (
					"-Wmost",
					"-Wno-four-char-constants",
					"-Wno-unknown-pragmas",
				);
			};
			name = MinSizeRel;
		};
		F8BEAC0F8BEAC0F8BEAC0000 /* RelWithDebInfo */ = {
			isa = XCBuildConfiguration;
			buildSettings = {
				GCC_GENERATE_DEBUGGING_SYMBOLS = NO;
				GCC_INLINES_ARE_PRIVATE_EXTERN = NO;
				GCC_OPTIMIZATION_LEVEL = 0;
				GCC_PREPROCESSOR_DEFINITIONS = "'CMAKE_INTDIR=\"$(CONFIGURATION)\"'";
				GCC_SYMBOLS_PRIVATE_EXTERN = NO;
				INSTALL_PATH = "";
				OTHER_CFLAGS = (
					"-Wall",
					"-Werror",
				);
				OTHER_LDFLAGS = "";
				OTHER_REZFLAGS = "";
				PREBINDING = NO;
				PRODUCT_NAME = uninstall;
				SECTORDER_FLAGS = "";
				USE_HEADERMAP = NO;
				WARNING_CFLAGS = (
					"-Wmost",
					"-Wno-four-char-constants",
					"-Wno-unknown-pragmas",
				);
			};
			name = RelWithDebInfo;
		};
		F8D0100F8D0100F8D0100000 /* Debug */ = {
			isa = XCBuildConfiguration;
			buildSettings = {
				DYLIB_COMPATIBILITY_VERSION = 1.0.0;
				DYLIB_CURRENT_VERSION = 1.0.0;
				EXECUTABLE_PREFIX = lib;
				EXECUTABLE_SUFFIX = .dylib;
				FRAMEWORK_SEARCH_PATHS = /Library/Frameworks;
				GCC_GENERATE_DEBUGGING_SYMBOLS = YES;
				GCC_INLINES_ARE_PRIVATE_EXTERN = NO;
				GCC_OPTIMIZATION_LEVEL = 0;
				GCC_PREPROCESSOR_DEFINITIONS = (
					"$(GCC_PREPROCESSOR_DEFINITIONS_QUOTED_FOR_TARGET_1)",
					"$(GCC_PREPROCESSOR_DEFINITIONS_QUOTED_FOR_TARGET_2)",
					"$(GCC_PREPROCESSOR_DEFINITIONS_QUOTED_FOR_TARGET_3)",
					"$(GCC_PREPROCESSOR_DEFINITIONS_QUOTED_FOR_TARGET_4)",
					"$(GCC_PREPROCESSOR_DEFINITIONS_QUOTED_FOR_TARGET_5)",
					"$(GCC_PREPROCESSOR_DEFINITIONS_QUOTED_FOR_TARGET_6)",
					"$(GCC_PREPROCESSOR_DEFINITIONS_QUOTED_FOR_TARGET_7)",
				);
				GCC_PREPROCESSOR_DEFINITIONS_QUOTED_FOR_TARGET_1 = "'CMAKE_INTDIR=\"$(CONFIGURATION)\"'";
				GCC_PREPROCESSOR_DEFINITIONS_QUOTED_FOR_TARGET_2 = "'la_core_EXPORTS'";
				GCC_PREPROCESSOR_DEFINITIONS_QUOTED_FOR_TARGET_3 = "'QT_DLL'";
				GCC_PREPROCESSOR_DEFINITIONS_QUOTED_FOR_TARGET_4 = "'QT_GUI_LIB'";
				GCC_PREPROCESSOR_DEFINITIONS_QUOTED_FOR_TARGET_5 = "'QT_XML_LIB'";
				GCC_PREPROCESSOR_DEFINITIONS_QUOTED_FOR_TARGET_6 = "'QT_CORE_LIB'";
				GCC_PREPROCESSOR_DEFINITIONS_QUOTED_FOR_TARGET_7 = "'QT_DEBUG'";
				GCC_SYMBOLS_PRIVATE_EXTERN = NO;
				HEADER_SEARCH_PATHS = (
					/Users/arkygeek/devel/landuseanalyst/src/lib/optimized,
					/Users/arkygeek/devel/landuseanalyst/src/lib/debug,
					/Library/Frameworks/QtGui.framework/Headers,
					/Library/Frameworks/QtXml.framework/Headers,
					/Library/Frameworks/QtCore.framework/Headers,
					/Users/arkygeek/devel/landuseanalyst/src/lib,
				);
				INSTALL_PATH = /Users/arkygeek/devel/landuseanalyst/buildXCODE/src/lib/Debug;
				LIBRARY_SEARCH_PATHS = "";
				LIBRARY_STYLE = DYNAMIC;
				MACH_O_TYPE = mh_dylib;
				OTHER_CFLAGS = (
					"-fPIC",
					"-Wall",
					"-Werror",
				);
				OTHER_CPLUSPLUSFLAGS = (
					"-fPIC",
					"-Wall",
					"-Werror",
				);
				OTHER_LDFLAGS = (
					"-dynamiclib",
					"-headerpad_max_install_names",
					"-framework",
					QtGui,
					"-framework",
					Carbon,
					"-framework",
					AppKit,
					"-framework",
					QtXml,
					"-framework",
					QtCore,
					/usr/lib/libz.dylib,
					"-framework",
					ApplicationServices,
				);
				OTHER_REZFLAGS = "";
				PREBINDING = NO;
				PRODUCT_NAME = la_core;
				SECTORDER_FLAGS = "";
				SYMROOT = /Users/arkygeek/devel/landuseanalyst/buildXCODE/src/lib;
				USE_HEADERMAP = NO;
				WARNING_CFLAGS = (
					"-Wmost",
					"-Wno-four-char-constants",
					"-Wno-unknown-pragmas",
				);
			};
			name = Debug;
		};
		F8D2120F8D2120F8D2120000 /* Release */ = {
			isa = XCBuildConfiguration;
			buildSettings = {
				DYLIB_COMPATIBILITY_VERSION = 1.0.0;
				DYLIB_CURRENT_VERSION = 1.0.0;
				EXECUTABLE_PREFIX = lib;
				EXECUTABLE_SUFFIX = .dylib;
				FRAMEWORK_SEARCH_PATHS = /Library/Frameworks;
				GCC_GENERATE_DEBUGGING_SYMBOLS = NO;
				GCC_INLINES_ARE_PRIVATE_EXTERN = NO;
				GCC_OPTIMIZATION_LEVEL = 3;
				GCC_PREPROCESSOR_DEFINITIONS = (
					"$(GCC_PREPROCESSOR_DEFINITIONS_QUOTED_FOR_TARGET_1)",
					"$(GCC_PREPROCESSOR_DEFINITIONS_QUOTED_FOR_TARGET_2)",
					"$(GCC_PREPROCESSOR_DEFINITIONS_QUOTED_FOR_TARGET_3)",
					"$(GCC_PREPROCESSOR_DEFINITIONS_QUOTED_FOR_TARGET_4)",
					"$(GCC_PREPROCESSOR_DEFINITIONS_QUOTED_FOR_TARGET_5)",
					"$(GCC_PREPROCESSOR_DEFINITIONS_QUOTED_FOR_TARGET_6)",
					"$(GCC_PREPROCESSOR_DEFINITIONS_QUOTED_FOR_TARGET_7)",
				);
				GCC_PREPROCESSOR_DEFINITIONS_QUOTED_FOR_TARGET_1 = "'CMAKE_INTDIR=\"$(CONFIGURATION)\"'";
				GCC_PREPROCESSOR_DEFINITIONS_QUOTED_FOR_TARGET_2 = "'la_core_EXPORTS'";
				GCC_PREPROCESSOR_DEFINITIONS_QUOTED_FOR_TARGET_3 = "'QT_DLL'";
				GCC_PREPROCESSOR_DEFINITIONS_QUOTED_FOR_TARGET_4 = "'QT_GUI_LIB'";
				GCC_PREPROCESSOR_DEFINITIONS_QUOTED_FOR_TARGET_5 = "'QT_XML_LIB'";
				GCC_PREPROCESSOR_DEFINITIONS_QUOTED_FOR_TARGET_6 = "'QT_CORE_LIB'";
				GCC_PREPROCESSOR_DEFINITIONS_QUOTED_FOR_TARGET_7 = "'QT_NO_DEBUG'";
				GCC_SYMBOLS_PRIVATE_EXTERN = NO;
				HEADER_SEARCH_PATHS = (
					/Users/arkygeek/devel/landuseanalyst/src/lib/optimized,
					/Users/arkygeek/devel/landuseanalyst/src/lib/debug,
					/Library/Frameworks/QtGui.framework/Headers,
					/Library/Frameworks/QtXml.framework/Headers,
					/Library/Frameworks/QtCore.framework/Headers,
					/Users/arkygeek/devel/landuseanalyst/src/lib,
				);
				INSTALL_PATH = /Users/arkygeek/devel/landuseanalyst/buildXCODE/src/lib/Release;
				LIBRARY_SEARCH_PATHS = "";
				LIBRARY_STYLE = DYNAMIC;
				MACH_O_TYPE = mh_dylib;
				OTHER_CFLAGS = (
					"-DNDEBUG",
					"-fPIC",
					"-Wall",
					"-Werror",
				);
				OTHER_CPLUSPLUSFLAGS = (
					"-DNDEBUG",
					"-fPIC",
					"-Wall",
					"-Werror",
				);
				OTHER_LDFLAGS = (
					"-dynamiclib",
					"-headerpad_max_install_names",
					"-framework",
					QtGui,
					"-framework",
					Carbon,
					"-framework",
					AppKit,
					"-framework",
					QtXml,
					"-framework",
					QtCore,
					/usr/lib/libz.dylib,
					"-framework",
					ApplicationServices,
				);
				OTHER_REZFLAGS = "";
				PREBINDING = NO;
				PRODUCT_NAME = la_core;
				SECTORDER_FLAGS = "";
				SYMROOT = /Users/arkygeek/devel/landuseanalyst/buildXCODE/src/lib;
				USE_HEADERMAP = NO;
				WARNING_CFLAGS = (
					"-Wmost",
					"-Wno-four-char-constants",
					"-Wno-unknown-pragmas",
				);
			};
			name = Release;
		};
		F8D3DA0F8D3DA0F8D3DA0000 /* MinSizeRel */ = {
			isa = XCBuildConfiguration;
			buildSettings = {
				DYLIB_COMPATIBILITY_VERSION = 1.0.0;
				DYLIB_CURRENT_VERSION = 1.0.0;
				EXECUTABLE_PREFIX = lib;
				EXECUTABLE_SUFFIX = .dylib;
				FRAMEWORK_SEARCH_PATHS = /Library/Frameworks;
				GCC_GENERATE_DEBUGGING_SYMBOLS = NO;
				GCC_INLINES_ARE_PRIVATE_EXTERN = NO;
				GCC_OPTIMIZATION_LEVEL = s;
				GCC_PREPROCESSOR_DEFINITIONS = (
					"$(GCC_PREPROCESSOR_DEFINITIONS_QUOTED_FOR_TARGET_1)",
					"$(GCC_PREPROCESSOR_DEFINITIONS_QUOTED_FOR_TARGET_2)",
					"$(GCC_PREPROCESSOR_DEFINITIONS_QUOTED_FOR_TARGET_3)",
					"$(GCC_PREPROCESSOR_DEFINITIONS_QUOTED_FOR_TARGET_4)",
					"$(GCC_PREPROCESSOR_DEFINITIONS_QUOTED_FOR_TARGET_5)",
					"$(GCC_PREPROCESSOR_DEFINITIONS_QUOTED_FOR_TARGET_6)",
					"$(GCC_PREPROCESSOR_DEFINITIONS_QUOTED_FOR_TARGET_7)",
				);
				GCC_PREPROCESSOR_DEFINITIONS_QUOTED_FOR_TARGET_1 = "'CMAKE_INTDIR=\"$(CONFIGURATION)\"'";
				GCC_PREPROCESSOR_DEFINITIONS_QUOTED_FOR_TARGET_2 = "'la_core_EXPORTS'";
				GCC_PREPROCESSOR_DEFINITIONS_QUOTED_FOR_TARGET_3 = "'QT_DLL'";
				GCC_PREPROCESSOR_DEFINITIONS_QUOTED_FOR_TARGET_4 = "'QT_GUI_LIB'";
				GCC_PREPROCESSOR_DEFINITIONS_QUOTED_FOR_TARGET_5 = "'QT_XML_LIB'";
				GCC_PREPROCESSOR_DEFINITIONS_QUOTED_FOR_TARGET_6 = "'QT_CORE_LIB'";
				GCC_PREPROCESSOR_DEFINITIONS_QUOTED_FOR_TARGET_7 = "'QT_NO_DEBUG'";
				GCC_SYMBOLS_PRIVATE_EXTERN = NO;
				HEADER_SEARCH_PATHS = (
					/Users/arkygeek/devel/landuseanalyst/src/lib/optimized,
					/Users/arkygeek/devel/landuseanalyst/src/lib/debug,
					/Library/Frameworks/QtGui.framework/Headers,
					/Library/Frameworks/QtXml.framework/Headers,
					/Library/Frameworks/QtCore.framework/Headers,
					/Users/arkygeek/devel/landuseanalyst/src/lib,
				);
				INSTALL_PATH = /Users/arkygeek/devel/landuseanalyst/buildXCODE/src/lib/MinSizeRel;
				LIBRARY_SEARCH_PATHS = "";
				LIBRARY_STYLE = DYNAMIC;
				MACH_O_TYPE = mh_dylib;
				OTHER_CFLAGS = (
					"-DNDEBUG",
					"-fPIC",
					"-Wall",
					"-Werror",
				);
				OTHER_CPLUSPLUSFLAGS = (
					"-DNDEBUG",
					"-fPIC",
					"-Wall",
					"-Werror",
				);
				OTHER_LDFLAGS = (
					"-dynamiclib",
					"-headerpad_max_install_names",
					"-framework",
					QtGui,
					"-framework",
					Carbon,
					"-framework",
					AppKit,
					"-framework",
					QtXml,
					"-framework",
					QtCore,
					/usr/lib/libz.dylib,
					"-framework",
					ApplicationServices,
				);
				OTHER_REZFLAGS = "";
				PREBINDING = NO;
				PRODUCT_NAME = la_core;
				SECTORDER_FLAGS = "";
				SYMROOT = /Users/arkygeek/devel/landuseanalyst/buildXCODE/src/lib;
				USE_HEADERMAP = NO;
				WARNING_CFLAGS = (
					"-Wmost",
					"-Wno-four-char-constants",
					"-Wno-unknown-pragmas",
				);
			};
			name = MinSizeRel;
		};
		F8D5A10F8D5A10F8D5A10000 /* RelWithDebInfo */ = {
			isa = XCBuildConfiguration;
			buildSettings = {
				DYLIB_COMPATIBILITY_VERSION = 1.0.0;
				DYLIB_CURRENT_VERSION = 1.0.0;
				EXECUTABLE_PREFIX = lib;
				EXECUTABLE_SUFFIX = .dylib;
				FRAMEWORK_SEARCH_PATHS = /Library/Frameworks;
				GCC_GENERATE_DEBUGGING_SYMBOLS = YES;
				GCC_INLINES_ARE_PRIVATE_EXTERN = NO;
				GCC_OPTIMIZATION_LEVEL = 2;
				GCC_PREPROCESSOR_DEFINITIONS = (
					"$(GCC_PREPROCESSOR_DEFINITIONS_QUOTED_FOR_TARGET_1)",
					"$(GCC_PREPROCESSOR_DEFINITIONS_QUOTED_FOR_TARGET_2)",
					"$(GCC_PREPROCESSOR_DEFINITIONS_QUOTED_FOR_TARGET_3)",
					"$(GCC_PREPROCESSOR_DEFINITIONS_QUOTED_FOR_TARGET_4)",
					"$(GCC_PREPROCESSOR_DEFINITIONS_QUOTED_FOR_TARGET_5)",
					"$(GCC_PREPROCESSOR_DEFINITIONS_QUOTED_FOR_TARGET_6)",
					"$(GCC_PREPROCESSOR_DEFINITIONS_QUOTED_FOR_TARGET_7)",
				);
				GCC_PREPROCESSOR_DEFINITIONS_QUOTED_FOR_TARGET_1 = "'CMAKE_INTDIR=\"$(CONFIGURATION)\"'";
				GCC_PREPROCESSOR_DEFINITIONS_QUOTED_FOR_TARGET_2 = "'la_core_EXPORTS'";
				GCC_PREPROCESSOR_DEFINITIONS_QUOTED_FOR_TARGET_3 = "'QT_DLL'";
				GCC_PREPROCESSOR_DEFINITIONS_QUOTED_FOR_TARGET_4 = "'QT_GUI_LIB'";
				GCC_PREPROCESSOR_DEFINITIONS_QUOTED_FOR_TARGET_5 = "'QT_XML_LIB'";
				GCC_PREPROCESSOR_DEFINITIONS_QUOTED_FOR_TARGET_6 = "'QT_CORE_LIB'";
				GCC_PREPROCESSOR_DEFINITIONS_QUOTED_FOR_TARGET_7 = "'QT_NO_DEBUG'";
				GCC_SYMBOLS_PRIVATE_EXTERN = NO;
				HEADER_SEARCH_PATHS = (
					/Users/arkygeek/devel/landuseanalyst/src/lib/optimized,
					/Users/arkygeek/devel/landuseanalyst/src/lib/debug,
					/Library/Frameworks/QtGui.framework/Headers,
					/Library/Frameworks/QtXml.framework/Headers,
					/Library/Frameworks/QtCore.framework/Headers,
					/Users/arkygeek/devel/landuseanalyst/src/lib,
				);
				INSTALL_PATH = /Users/arkygeek/devel/landuseanalyst/buildXCODE/src/lib/RelWithDebInfo;
				LIBRARY_SEARCH_PATHS = "";
				LIBRARY_STYLE = DYNAMIC;
				MACH_O_TYPE = mh_dylib;
				OTHER_CFLAGS = (
					"-fPIC",
					"-Wall",
					"-Werror",
				);
				OTHER_CPLUSPLUSFLAGS = (
					"-fPIC",
					"-Wall",
					"-Werror",
				);
				OTHER_LDFLAGS = (
					"-dynamiclib",
					"-headerpad_max_install_names",
					"-framework",
					QtGui,
					"-framework",
					Carbon,
					"-framework",
					AppKit,
					"-framework",
					QtXml,
					"-framework",
					QtCore,
					/usr/lib/libz.dylib,
					"-framework",
					ApplicationServices,
				);
				OTHER_REZFLAGS = "";
				PREBINDING = NO;
				PRODUCT_NAME = la_core;
				SECTORDER_FLAGS = "";
				SYMROOT = /Users/arkygeek/devel/landuseanalyst/buildXCODE/src/lib;
				USE_HEADERMAP = NO;
				WARNING_CFLAGS = (
					"-Wmost",
					"-Wno-four-char-constants",
					"-Wno-unknown-pragmas",
				);
			};
			name = RelWithDebInfo;
		};
		F8F7570F8F7570F8F7570000 /* Debug */ = {
			isa = XCBuildConfiguration;
			buildSettings = {
				EXECUTABLE_PREFIX = "";
				EXECUTABLE_SUFFIX = "";
				FRAMEWORK_SEARCH_PATHS = /Library/Frameworks;
				GCC_GENERATE_DEBUGGING_SYMBOLS = YES;
				GCC_INLINES_ARE_PRIVATE_EXTERN = NO;
				GCC_OPTIMIZATION_LEVEL = 0;
				GCC_PREPROCESSOR_DEFINITIONS = (
					"$(GCC_PREPROCESSOR_DEFINITIONS_QUOTED_FOR_TARGET_1)",
					"$(GCC_PREPROCESSOR_DEFINITIONS_QUOTED_FOR_TARGET_2)",
					"$(GCC_PREPROCESSOR_DEFINITIONS_QUOTED_FOR_TARGET_3)",
					"$(GCC_PREPROCESSOR_DEFINITIONS_QUOTED_FOR_TARGET_4)",
					"$(GCC_PREPROCESSOR_DEFINITIONS_QUOTED_FOR_TARGET_5)",
					"$(GCC_PREPROCESSOR_DEFINITIONS_QUOTED_FOR_TARGET_6)",
				);
				GCC_PREPROCESSOR_DEFINITIONS_QUOTED_FOR_TARGET_1 = "'CMAKE_INTDIR=\"$(CONFIGURATION)\"'";
				GCC_PREPROCESSOR_DEFINITIONS_QUOTED_FOR_TARGET_2 = "'QT_DLL'";
				GCC_PREPROCESSOR_DEFINITIONS_QUOTED_FOR_TARGET_3 = "'QT_GUI_LIB'";
				GCC_PREPROCESSOR_DEFINITIONS_QUOTED_FOR_TARGET_4 = "'QT_XML_LIB'";
				GCC_PREPROCESSOR_DEFINITIONS_QUOTED_FOR_TARGET_5 = "'QT_CORE_LIB'";
				GCC_PREPROCESSOR_DEFINITIONS_QUOTED_FOR_TARGET_6 = "'QT_DEBUG'";
				GCC_SYMBOLS_PRIVATE_EXTERN = NO;
				HEADER_SEARCH_PATHS = (
					/Users/arkygeek/devel/landuseanalyst/src/gui/optimized,
					/Users/arkygeek/devel/landuseanalyst/src/gui/debug,
					/Library/Frameworks/QtGui.framework/Headers,
					/Library/Frameworks/QtXml.framework/Headers,
					/Library/Frameworks/QtCore.framework/Headers,
					/Users/arkygeek/devel/landuseanalyst/buildXCODE/src/gui,
					/Users/arkygeek/devel/landuseanalyst/src/gui,
					/Users/arkygeek/devel/landuseanalyst/src/gui/../lib,
				);
				INFOPLIST_FILE = /Users/arkygeek/devel/landuseanalyst/buildXCODE/src/gui/CMakeFiles/landuseanalyst.dir/Info.plist;
				INSTALL_PATH = "";
				LIBRARY_SEARCH_PATHS = "";
				OTHER_CFLAGS = (
					"-Wall",
					"-Werror",
				);
				OTHER_CPLUSPLUSFLAGS = (
					"-Wall",
					"-Werror",
				);
				OTHER_LDFLAGS = (
					"-Wl,-search_paths_first",
					"-headerpad_max_install_names",
					"-framework",
					QtGui,
					"-framework",
					Carbon,
					"-framework",
					AppKit,
					"-framework",
					QtXml,
					"-framework",
					QtCore,
					/usr/lib/libz.dylib,
					"-framework",
					ApplicationServices,
					/Users/arkygeek/devel/landuseanalyst/buildXCODE/src/lib/Debug/libla_core.dylib,
					"-framework",
					QtGui,
					"-framework",
					Carbon,
					"-framework",
					AppKit,
					"-framework",
					QtXml,
					"-framework",
					QtCore,
					/usr/lib/libz.dylib,
					"-framework",
					ApplicationServices,
				);
				OTHER_REZFLAGS = "";
				PREBINDING = NO;
				PRODUCT_NAME = landuseanalyst;
				SECTORDER_FLAGS = "";
				SYMROOT = /Users/arkygeek/devel/landuseanalyst/buildXCODE/src/gui;
				USE_HEADERMAP = NO;
				WARNING_CFLAGS = (
					"-Wmost",
					"-Wno-four-char-constants",
					"-Wno-unknown-pragmas",
				);
			};
			name = Debug;
		};
		F9013A0F9013A0F9013A0000 /* RelWithDebInfo */ = {
			isa = XCBuildConfiguration;
			buildSettings = {
				EXECUTABLE_PREFIX = "";
				EXECUTABLE_SUFFIX = "";
				FRAMEWORK_SEARCH_PATHS = /Library/Frameworks;
				GCC_GENERATE_DEBUGGING_SYMBOLS = YES;
				GCC_INLINES_ARE_PRIVATE_EXTERN = NO;
				GCC_OPTIMIZATION_LEVEL = 2;
				GCC_PREPROCESSOR_DEFINITIONS = (
					"$(GCC_PREPROCESSOR_DEFINITIONS_QUOTED_FOR_TARGET_1)",
					"$(GCC_PREPROCESSOR_DEFINITIONS_QUOTED_FOR_TARGET_2)",
					"$(GCC_PREPROCESSOR_DEFINITIONS_QUOTED_FOR_TARGET_3)",
					"$(GCC_PREPROCESSOR_DEFINITIONS_QUOTED_FOR_TARGET_4)",
					"$(GCC_PREPROCESSOR_DEFINITIONS_QUOTED_FOR_TARGET_5)",
					"$(GCC_PREPROCESSOR_DEFINITIONS_QUOTED_FOR_TARGET_6)",
				);
				GCC_PREPROCESSOR_DEFINITIONS_QUOTED_FOR_TARGET_1 = "'CMAKE_INTDIR=\"$(CONFIGURATION)\"'";
				GCC_PREPROCESSOR_DEFINITIONS_QUOTED_FOR_TARGET_2 = "'QT_DLL'";
				GCC_PREPROCESSOR_DEFINITIONS_QUOTED_FOR_TARGET_3 = "'QT_GUI_LIB'";
				GCC_PREPROCESSOR_DEFINITIONS_QUOTED_FOR_TARGET_4 = "'QT_XML_LIB'";
				GCC_PREPROCESSOR_DEFINITIONS_QUOTED_FOR_TARGET_5 = "'QT_CORE_LIB'";
				GCC_PREPROCESSOR_DEFINITIONS_QUOTED_FOR_TARGET_6 = "'QT_NO_DEBUG'";
				GCC_SYMBOLS_PRIVATE_EXTERN = NO;
				HEADER_SEARCH_PATHS = (
					/Users/arkygeek/devel/landuseanalyst/src/gui/optimized,
					/Users/arkygeek/devel/landuseanalyst/src/gui/debug,
					/Library/Frameworks/QtGui.framework/Headers,
					/Library/Frameworks/QtXml.framework/Headers,
					/Library/Frameworks/QtCore.framework/Headers,
					/Users/arkygeek/devel/landuseanalyst/buildXCODE/src/gui,
					/Users/arkygeek/devel/landuseanalyst/src/gui,
					/Users/arkygeek/devel/landuseanalyst/src/gui/../lib,
				);
				INFOPLIST_FILE = /Users/arkygeek/devel/landuseanalyst/buildXCODE/src/gui/CMakeFiles/landuseanalyst.dir/Info.plist;
				INSTALL_PATH = "";
				LIBRARY_SEARCH_PATHS = "";
				OTHER_CFLAGS = (
					"-Wall",
					"-Werror",
				);
				OTHER_CPLUSPLUSFLAGS = (
					"-Wall",
					"-Werror",
				);
				OTHER_LDFLAGS = (
					"-Wl,-search_paths_first",
					"-headerpad_max_install_names",
					"-framework",
					QtGui,
					"-framework",
					Carbon,
					"-framework",
					AppKit,
					"-framework",
					QtXml,
					"-framework",
					QtCore,
					/usr/lib/libz.dylib,
					"-framework",
					ApplicationServices,
					/Users/arkygeek/devel/landuseanalyst/buildXCODE/src/lib/RelWithDebInfo/libla_core.dylib,
					"-framework",
					QtGui,
					"-framework",
					Carbon,
					"-framework",
					AppKit,
					"-framework",
					QtXml,
					"-framework",
					QtCore,
					/usr/lib/libz.dylib,
					"-framework",
					ApplicationServices,
				);
				OTHER_REZFLAGS = "";
				PREBINDING = NO;
				PRODUCT_NAME = landuseanalyst;
				SECTORDER_FLAGS = "";
				SYMROOT = /Users/arkygeek/devel/landuseanalyst/buildXCODE/src/gui;
				USE_HEADERMAP = NO;
				WARNING_CFLAGS = (
					"-Wmost",
					"-Wno-four-char-constants",
					"-Wno-unknown-pragmas",
				);
			};
			name = RelWithDebInfo;
		};
/* End XCBuildConfiguration section */

/* Begin XCConfigurationList section */
		16F30B016F30B016F30B0000 /* Build configuration list for PBXAggregateTarget "ALL_BUILD" */ = {
			isa = XCConfigurationList;
			buildConfigurations = (
				16F5E5016F5E5016F5E50000 /* Debug */,
				F8ADD50F8ADD50F8ADD50000 /* Release */,
				F8AEE30F8AEE30F8AEE30000 /* MinSizeRel */,
				F8AFDF0F8AFDF0F8AFDF0000 /* RelWithDebInfo */,
			);
			defaultConfigurationIsVisible = 0;
			defaultConfigurationName = Debug;
		};
		F8AAEC0F8AAEC0F8AAEC0000 /* Build configuration list for PBXProject "landuseanalyst" */ = {
			isa = XCConfigurationList;
			buildConfigurations = (
				F8AB010F8AB010F8AB010000 /* Debug */,
				F8AB1C0F8AB1C0F8AB1C0000 /* Release */,
				F8AB3B0F8AB3B0F8AB3B0000 /* MinSizeRel */,
				F8AB5A0F8AB5A0F8AB5A0000 /* RelWithDebInfo */,
			);
			defaultConfigurationIsVisible = 0;
			defaultConfigurationName = Debug;
		};
		F8B4430F8B4430F8B4430000 /* Build configuration list for PBXAggregateTarget "install" */ = {
			isa = XCConfigurationList;
			buildConfigurations = (
				F8B4790F8B4790F8B4790000 /* Debug */,
				F8B5920F8B5920F8B5920000 /* Release */,
				F8B68E0F8B68E0F8B68E0000 /* MinSizeRel */,
				F8B7A10F8B7A10F8B7A10000 /* RelWithDebInfo */,
			);
			defaultConfigurationIsVisible = 0;
			defaultConfigurationName = Debug;
		};
		F8BB4F0F8BB4F0F8BB4F0000 /* Build configuration list for PBXAggregateTarget "uninstall" */ = {
			isa = XCConfigurationList;
			buildConfigurations = (
				F8BB810F8BB810F8BB810000 /* Debug */,
				F8BC9D0F8BC9D0F8BC9D0000 /* Release */,
				F8BD990F8BD990F8BD990000 /* MinSizeRel */,
				F8BEAC0F8BEAC0F8BEAC0000 /* RelWithDebInfo */,
			);
			defaultConfigurationIsVisible = 0;
			defaultConfigurationName = Debug;
		};
		F8CFDA0F8CFDA0F8CFDA0000 /* Build configuration list for PBXNativeTarget "libla_core.dylib" */ = {
			isa = XCConfigurationList;
			buildConfigurations = (
				F8D0100F8D0100F8D0100000 /* Debug */,
				F8D2120F8D2120F8D2120000 /* Release */,
				F8D3DA0F8D3DA0F8D3DA0000 /* MinSizeRel */,
				F8D5A10F8D5A10F8D5A10000 /* RelWithDebInfo */,
			);
			defaultConfigurationIsVisible = 0;
			defaultConfigurationName = Debug;
		};
		F8F5A40F8F5A40F8F5A40000 /* Build configuration list for PBXNativeTarget "landuseanalyst" */ = {
			isa = XCConfigurationList;
			buildConfigurations = (
				F8F7570F8F7570F8F7570000 /* Debug */,
				F850C60F850C60F850C60000 /* Release */,
				F850D40F850D40F850D40000 /* MinSizeRel */,
				F9013A0F9013A0F9013A0000 /* RelWithDebInfo */,
			);
			defaultConfigurationIsVisible = 0;
			defaultConfigurationName = Debug;
		};
/* End XCConfigurationList section */
	};
	rootObject = F8AA950F8AA950F8AA950000 /* Project object */;
}
